// !$*UTF8*$!
{
	archiveVersion = 1;
	classes = {
	};
	objectVersion = 52;
	objects = {

/* Begin PBXBuildFile section */
		B5CAAF0820B26BB2003B17D7 /* AppDelegate.swift in Sources */ = {isa = PBXBuildFile; fileRef = B5CAAF0720B26BB2003B17D7 /* AppDelegate.swift */; };
		B5CAAF0A20B26BB2003B17D7 /* GameViewController.swift in Sources */ = {isa = PBXBuildFile; fileRef = B5CAAF0920B26BB2003B17D7 /* GameViewController.swift */; };
		B5CAAF0C20B26BB3003B17D7 /* Assets.xcassets in Resources */ = {isa = PBXBuildFile; fileRef = B5CAAF0B20B26BB3003B17D7 /* Assets.xcassets */; };
		B5CAAF0F20B26BB3003B17D7 /* Main.storyboard in Resources */ = {isa = PBXBuildFile; fileRef = B5CAAF0D20B26BB3003B17D7 /* Main.storyboard */; };
		B5E6FE8623CBF9540016A704 /* SwiftTA-Core in Frameworks */ = {isa = PBXBuildFile; productRef = B5E6FE8523CBF9540016A704 /* SwiftTA-Core */; };
		B5EDC8D124A9606100313D5F /* SwiftTA-Metal in Frameworks */ = {isa = PBXBuildFile; productRef = B5EDC8D024A9606100313D5F /* SwiftTA-Metal */; };
		B5EDC8D324A9656000313D5F /* SwiftTA-OpenGL3 in Frameworks */ = {isa = PBXBuildFile; productRef = B5EDC8D224A9656000313D5F /* SwiftTA-OpenGL3 */; };
/* End PBXBuildFile section */

/* Begin PBXFileReference section */
		B5CAAF0420B26BB2003B17D7 /* SwiftTA.app */ = {isa = PBXFileReference; explicitFileType = wrapper.application; includeInIndex = 0; path = SwiftTA.app; sourceTree = BUILT_PRODUCTS_DIR; };
		B5CAAF0720B26BB2003B17D7 /* AppDelegate.swift */ = {isa = PBXFileReference; lastKnownFileType = sourcecode.swift; path = AppDelegate.swift; sourceTree = "<group>"; };
		B5CAAF0920B26BB2003B17D7 /* GameViewController.swift */ = {isa = PBXFileReference; lastKnownFileType = sourcecode.swift; path = GameViewController.swift; sourceTree = "<group>"; };
		B5CAAF0B20B26BB3003B17D7 /* Assets.xcassets */ = {isa = PBXFileReference; lastKnownFileType = folder.assetcatalog; path = Assets.xcassets; sourceTree = "<group>"; };
		B5CAAF0E20B26BB3003B17D7 /* Base */ = {isa = PBXFileReference; lastKnownFileType = file.storyboard; name = Base; path = Base.lproj/Main.storyboard; sourceTree = "<group>"; };
		B5CAAF1020B26BB3003B17D7 /* Info.plist */ = {isa = PBXFileReference; lastKnownFileType = text.plist.xml; path = Info.plist; sourceTree = "<group>"; };
		B5CAAF1120B26BB3003B17D7 /* SwiftTA_macOS.entitlements */ = {isa = PBXFileReference; lastKnownFileType = text.plist.entitlements; path = SwiftTA_macOS.entitlements; sourceTree = "<group>"; };
		F0A9DE2520B49B50007E71C1 /* OpenGL.framework */ = {isa = PBXFileReference; lastKnownFileType = wrapper.framework; name = OpenGL.framework; path = System/Library/Frameworks/OpenGL.framework; sourceTree = SDKROOT; };
/* End PBXFileReference section */

/* Begin PBXFrameworksBuildPhase section */
		B5CAAF0120B26BB2003B17D7 /* Frameworks */ = {
			isa = PBXFrameworksBuildPhase;
			buildActionMask = 2147483647;
			files = (
				B5EDC8D324A9656000313D5F /* SwiftTA-OpenGL3 in Frameworks */,
				B5EDC8D124A9606100313D5F /* SwiftTA-Metal in Frameworks */,
				B5E6FE8623CBF9540016A704 /* SwiftTA-Core in Frameworks */,
			);
			runOnlyForDeploymentPostprocessing = 0;
		};
/* End PBXFrameworksBuildPhase section */

/* Begin PBXGroup section */
		B5CAAEFB20B26BB2003B17D7 = {
			isa = PBXGroup;
			children = (
				B5CAAF0620B26BB2003B17D7 /* SwiftTA macOS */,
				B5CAAF0520B26BB2003B17D7 /* Products */,
				F0A9DE2420B49B4F007E71C1 /* Frameworks */,
			);
			sourceTree = "<group>";
		};
		B5CAAF0520B26BB2003B17D7 /* Products */ = {
			isa = PBXGroup;
			children = (
				B5CAAF0420B26BB2003B17D7 /* SwiftTA.app */,
			);
			name = Products;
			sourceTree = "<group>";
		};
		B5CAAF0620B26BB2003B17D7 /* SwiftTA macOS */ = {
			isa = PBXGroup;
			children = (
				B5CAAF0720B26BB2003B17D7 /* AppDelegate.swift */,
				B5CAAF0920B26BB2003B17D7 /* GameViewController.swift */,
				B5CAAF0B20B26BB3003B17D7 /* Assets.xcassets */,
				B5CAAF0D20B26BB3003B17D7 /* Main.storyboard */,
				B5CAAF1020B26BB3003B17D7 /* Info.plist */,
				B5CAAF1120B26BB3003B17D7 /* SwiftTA_macOS.entitlements */,
			);
			path = "SwiftTA macOS";
			sourceTree = "<group>";
		};
		F0A9DE2420B49B4F007E71C1 /* Frameworks */ = {
			isa = PBXGroup;
			children = (
				F0A9DE2520B49B50007E71C1 /* OpenGL.framework */,
			);
			name = Frameworks;
			sourceTree = "<group>";
		};
/* End PBXGroup section */

/* Begin PBXNativeTarget section */
		B5CAAF0320B26BB2003B17D7 /* SwiftTA macOS */ = {
			isa = PBXNativeTarget;
			buildConfigurationList = B5CAAF1420B26BB3003B17D7 /* Build configuration list for PBXNativeTarget "SwiftTA macOS" */;
			buildPhases = (
				B5CAAF0020B26BB2003B17D7 /* Sources */,
				B5CAAF0120B26BB2003B17D7 /* Frameworks */,
				B5CAAF0220B26BB2003B17D7 /* Resources */,
			);
			buildRules = (
			);
			dependencies = (
			);
			name = "SwiftTA macOS";
			packageProductDependencies = (
				B5E6FE8523CBF9540016A704 /* SwiftTA-Core */,
				B5EDC8D024A9606100313D5F /* SwiftTA-Metal */,
				B5EDC8D224A9656000313D5F /* SwiftTA-OpenGL3 */,
			);
			productName = "SwiftTA macOS";
			productReference = B5CAAF0420B26BB2003B17D7 /* SwiftTA.app */;
			productType = "com.apple.product-type.application";
		};
/* End PBXNativeTarget section */

/* Begin PBXProject section */
		B5CAAEFC20B26BB2003B17D7 /* Project object */ = {
			isa = PBXProject;
			attributes = {
				LastSwiftUpdateCheck = 0930;
				LastUpgradeCheck = 1220;
				ORGANIZATIONNAME = "Logan Jones";
				TargetAttributes = {
					B5CAAF0320B26BB2003B17D7 = {
						CreatedOnToolsVersion = 9.3.1;
						LastSwiftMigration = 1020;
						SystemCapabilities = {
							com.apple.Sandbox = {
								enabled = 0;
							};
						};
					};
				};
			};
			buildConfigurationList = B5CAAEFF20B26BB2003B17D7 /* Build configuration list for PBXProject "SwiftTA macOS" */;
			compatibilityVersion = "Xcode 9.3";
			developmentRegion = en;
			hasScannedForEncodings = 0;
			knownRegions = (
				en,
				Base,
			);
			mainGroup = B5CAAEFB20B26BB2003B17D7;
			productRefGroup = B5CAAF0520B26BB2003B17D7 /* Products */;
			projectDirPath = "";
			projectRoot = "";
			targets = (
				B5CAAF0320B26BB2003B17D7 /* SwiftTA macOS */,
			);
		};
/* End PBXProject section */

/* Begin PBXResourcesBuildPhase section */
		B5CAAF0220B26BB2003B17D7 /* Resources */ = {
			isa = PBXResourcesBuildPhase;
			buildActionMask = 2147483647;
			files = (
				B5CAAF0C20B26BB3003B17D7 /* Assets.xcassets in Resources */,
				B5CAAF0F20B26BB3003B17D7 /* Main.storyboard in Resources */,
			);
			runOnlyForDeploymentPostprocessing = 0;
		};
/* End PBXResourcesBuildPhase section */

/* Begin PBXSourcesBuildPhase section */
		B5CAAF0020B26BB2003B17D7 /* Sources */ = {
			isa = PBXSourcesBuildPhase;
			buildActionMask = 2147483647;
			files = (
				B5CAAF0A20B26BB2003B17D7 /* GameViewController.swift in Sources */,
				B5CAAF0820B26BB2003B17D7 /* AppDelegate.swift in Sources */,
			);
			runOnlyForDeploymentPostprocessing = 0;
		};
/* End PBXSourcesBuildPhase section */

/* Begin PBXVariantGroup section */
		B5CAAF0D20B26BB3003B17D7 /* Main.storyboard */ = {
			isa = PBXVariantGroup;
			children = (
				B5CAAF0E20B26BB3003B17D7 /* Base */,
			);
			name = Main.storyboard;
			sourceTree = "<group>";
		};
/* End PBXVariantGroup section */

/* Begin XCBuildConfiguration section */
		B5CAAF1220B26BB3003B17D7 /* Debug */ = {
			isa = XCBuildConfiguration;
			buildSettings = {
				ALWAYS_SEARCH_USER_PATHS = NO;
				CLANG_ANALYZER_NONNULL = YES;
				CLANG_ANALYZER_NUMBER_OBJECT_CONVERSION = YES_AGGRESSIVE;
				CLANG_CXX_LANGUAGE_STANDARD = "gnu++14";
				CLANG_CXX_LIBRARY = "libc++";
				CLANG_ENABLE_MODULES = YES;
				CLANG_ENABLE_OBJC_ARC = YES;
				CLANG_ENABLE_OBJC_WEAK = YES;
				CLANG_WARN_BLOCK_CAPTURE_AUTORELEASING = YES;
				CLANG_WARN_BOOL_CONVERSION = YES;
				CLANG_WARN_COMMA = YES;
				CLANG_WARN_CONSTANT_CONVERSION = YES;
				CLANG_WARN_DEPRECATED_OBJC_IMPLEMENTATIONS = YES;
				CLANG_WARN_DIRECT_OBJC_ISA_USAGE = YES_ERROR;
				CLANG_WARN_DOCUMENTATION_COMMENTS = YES;
				CLANG_WARN_EMPTY_BODY = YES;
				CLANG_WARN_ENUM_CONVERSION = YES;
				CLANG_WARN_INFINITE_RECURSION = YES;
				CLANG_WARN_INT_CONVERSION = YES;
				CLANG_WARN_NON_LITERAL_NULL_CONVERSION = YES;
				CLANG_WARN_OBJC_IMPLICIT_RETAIN_SELF = YES;
				CLANG_WARN_OBJC_LITERAL_CONVERSION = YES;
				CLANG_WARN_OBJC_ROOT_CLASS = YES_ERROR;
				CLANG_WARN_QUOTED_INCLUDE_IN_FRAMEWORK_HEADER = YES;
				CLANG_WARN_RANGE_LOOP_ANALYSIS = YES;
				CLANG_WARN_STRICT_PROTOTYPES = YES;
				CLANG_WARN_SUSPICIOUS_MOVE = YES;
				CLANG_WARN_UNGUARDED_AVAILABILITY = YES_AGGRESSIVE;
				CLANG_WARN_UNREACHABLE_CODE = YES;
				CLANG_WARN__DUPLICATE_METHOD_MATCH = YES;
				CODE_SIGN_IDENTITY = "-";
				COPY_PHASE_STRIP = NO;
				DEBUG_INFORMATION_FORMAT = dwarf;
				ENABLE_STRICT_OBJC_MSGSEND = YES;
				ENABLE_TESTABILITY = YES;
				GCC_C_LANGUAGE_STANDARD = gnu11;
				GCC_DYNAMIC_NO_PIC = NO;
				GCC_NO_COMMON_BLOCKS = YES;
				GCC_OPTIMIZATION_LEVEL = 0;
				GCC_PREPROCESSOR_DEFINITIONS = (
					"DEBUG=1",
					"$(inherited)",
				);
				GCC_WARN_64_TO_32_BIT_CONVERSION = YES;
				GCC_WARN_ABOUT_RETURN_TYPE = YES_ERROR;
				GCC_WARN_UNDECLARED_SELECTOR = YES;
				GCC_WARN_UNINITIALIZED_AUTOS = YES_AGGRESSIVE;
				GCC_WARN_UNUSED_FUNCTION = YES;
				GCC_WARN_UNUSED_VARIABLE = YES;
				MACOSX_DEPLOYMENT_TARGET = 10.13;
				MTL_ENABLE_DEBUG_INFO = YES;
				ONLY_ACTIVE_ARCH = YES;
				SDKROOT = macosx;
				SWIFT_ACTIVE_COMPILATION_CONDITIONS = DEBUG;
				SWIFT_OPTIMIZATION_LEVEL = "-Onone";
			};
			name = Debug;
		};
		B5CAAF1320B26BB3003B17D7 /* Release */ = {
			isa = XCBuildConfiguration;
			buildSettings = {
				ALWAYS_SEARCH_USER_PATHS = NO;
				CLANG_ANALYZER_NONNULL = YES;
				CLANG_ANALYZER_NUMBER_OBJECT_CONVERSION = YES_AGGRESSIVE;
				CLANG_CXX_LANGUAGE_STANDARD = "gnu++14";
				CLANG_CXX_LIBRARY = "libc++";
				CLANG_ENABLE_MODULES = YES;
				CLANG_ENABLE_OBJC_ARC = YES;
				CLANG_ENABLE_OBJC_WEAK = YES;
				CLANG_WARN_BLOCK_CAPTURE_AUTORELEASING = YES;
				CLANG_WARN_BOOL_CONVERSION = YES;
				CLANG_WARN_COMMA = YES;
				CLANG_WARN_CONSTANT_CONVERSION = YES;
				CLANG_WARN_DEPRECATED_OBJC_IMPLEMENTATIONS = YES;
				CLANG_WARN_DIRECT_OBJC_ISA_USAGE = YES_ERROR;
				CLANG_WARN_DOCUMENTATION_COMMENTS = YES;
				CLANG_WARN_EMPTY_BODY = YES;
				CLANG_WARN_ENUM_CONVERSION = YES;
				CLANG_WARN_INFINITE_RECURSION = YES;
				CLANG_WARN_INT_CONVERSION = YES;
				CLANG_WARN_NON_LITERAL_NULL_CONVERSION = YES;
				CLANG_WARN_OBJC_IMPLICIT_RETAIN_SELF = YES;
				CLANG_WARN_OBJC_LITERAL_CONVERSION = YES;
				CLANG_WARN_OBJC_ROOT_CLASS = YES_ERROR;
				CLANG_WARN_QUOTED_INCLUDE_IN_FRAMEWORK_HEADER = YES;
				CLANG_WARN_RANGE_LOOP_ANALYSIS = YES;
				CLANG_WARN_STRICT_PROTOTYPES = YES;
				CLANG_WARN_SUSPICIOUS_MOVE = YES;
				CLANG_WARN_UNGUARDED_AVAILABILITY = YES_AGGRESSIVE;
				CLANG_WARN_UNREACHABLE_CODE = YES;
				CLANG_WARN__DUPLICATE_METHOD_MATCH = YES;
				CODE_SIGN_IDENTITY = "-";
				COPY_PHASE_STRIP = NO;
				DEBUG_INFORMATION_FORMAT = "dwarf-with-dsym";
				ENABLE_NS_ASSERTIONS = NO;
				ENABLE_STRICT_OBJC_MSGSEND = YES;
				GCC_C_LANGUAGE_STANDARD = gnu11;
				GCC_NO_COMMON_BLOCKS = YES;
				GCC_WARN_64_TO_32_BIT_CONVERSION = YES;
				GCC_WARN_ABOUT_RETURN_TYPE = YES_ERROR;
				GCC_WARN_UNDECLARED_SELECTOR = YES;
				GCC_WARN_UNINITIALIZED_AUTOS = YES_AGGRESSIVE;
				GCC_WARN_UNUSED_FUNCTION = YES;
				GCC_WARN_UNUSED_VARIABLE = YES;
				MACOSX_DEPLOYMENT_TARGET = 10.13;
				MTL_ENABLE_DEBUG_INFO = NO;
				SDKROOT = macosx;
				SWIFT_COMPILATION_MODE = wholemodule;
				SWIFT_OPTIMIZATION_LEVEL = "-O";
			};
			name = Release;
		};
		B5CAAF1520B26BB3003B17D7 /* Debug */ = {
			isa = XCBuildConfiguration;
			buildSettings = {
				ASSETCATALOG_COMPILER_APPICON_NAME = AppIcon;
				CODE_SIGN_IDENTITY = "-";
				CODE_SIGN_STYLE = Automatic;
				COMBINE_HIDPI_IMAGES = YES;
				INFOPLIST_FILE = "SwiftTA macOS/Info.plist";
				LD_RUNPATH_SEARCH_PATHS = (
					"$(inherited)",
					"@executable_path/../Frameworks",
				);
				PRODUCT_BUNDLE_IDENTIFIER = "Toasty.SwiftTA-macOS";
				PRODUCT_NAME = SwiftTA;
				SWIFT_VERSION = 5.0;
			};
			name = Debug;
		};
		B5CAAF1620B26BB3003B17D7 /* Release */ = {
			isa = XCBuildConfiguration;
			buildSettings = {
				ASSETCATALOG_COMPILER_APPICON_NAME = AppIcon;
				CODE_SIGN_IDENTITY = "-";
				CODE_SIGN_STYLE = Automatic;
				COMBINE_HIDPI_IMAGES = YES;
				INFOPLIST_FILE = "SwiftTA macOS/Info.plist";
				LD_RUNPATH_SEARCH_PATHS = (
					"$(inherited)",
					"@executable_path/../Frameworks",
				);
				PRODUCT_BUNDLE_IDENTIFIER = "Toasty.SwiftTA-macOS";
				PRODUCT_NAME = SwiftTA;
				SWIFT_VERSION = 5.0;
			};
			name = Release;
		};
/* End XCBuildConfiguration section */

/* Begin XCConfigurationList section */
		B5CAAEFF20B26BB2003B17D7 /* Build configuration list for PBXProject "SwiftTA macOS" */ = {
			isa = XCConfigurationList;
			buildConfigurations = (
				B5CAAF1220B26BB3003B17D7 /* Debug */,
				B5CAAF1320B26BB3003B17D7 /* Release */,
			);
			defaultConfigurationIsVisible = 0;
			defaultConfigurationName = Release;
		};
		B5CAAF1420B26BB3003B17D7 /* Build configuration list for PBXNativeTarget "SwiftTA macOS" */ = {
			isa = XCConfigurationList;
			buildConfigurations = (
				B5CAAF1520B26BB3003B17D7 /* Debug */,
				B5CAAF1620B26BB3003B17D7 /* Release */,
			);
			defaultConfigurationIsVisible = 0;
			defaultConfigurationName = Release;
		};
/* End XCConfigurationList section */

/* Begin XCSwiftPackageProductDependency section */
		B5E6FE8523CBF9540016A704 /* SwiftTA-Core */ = {
			isa = XCSwiftPackageProductDependency;
			productName = "SwiftTA-Core";
		};
		B5EDC8D024A9606100313D5F /* SwiftTA-Metal */ = {
			isa = XCSwiftPackageProductDependency;
			productName = "SwiftTA-Metal";
		};
		B5EDC8D224A9656000313D5F /* SwiftTA-OpenGL3 */ = {
			isa = XCSwiftPackageProductDependency;
			productName = "SwiftTA-OpenGL3";
		};
/* End XCSwiftPackageProductDependency section */
	};
	rootObject = B5CAAEFC20B26BB2003B17D7 /* Project object */;
}
