// !$*UTF8*$!
{
	archiveVersion = 1;
	classes = {
	};
	objectVersion = 46;
	objects = {

/* Begin PBXBuildFile section */
		B51FF3721EECA1F3009B509A /* FileReadHandle.swift in Sources */ = {isa = PBXBuildFile; fileRef = B51FF3711EECA1EC009B509A /* FileReadHandle.swift */; };
		B52A67471EC3F35900698DEF /* CobView.swift in Sources */ = {isa = PBXBuildFile; fileRef = B52A67461EC3F35900698DEF /* CobView.swift */; };
		B57C32B3206DEDF500B24C99 /* SideData.swift in Sources */ = {isa = PBXBuildFile; fileRef = B57C32B2206DEDF500B24C99 /* SideData.swift */; };
		B57C32B720702B9700B24C99 /* PaletteView.swift in Sources */ = {isa = PBXBuildFile; fileRef = B57C32B620702B9700B24C99 /* PaletteView.swift */; };
		B5B258622063405800DD6A15 /* TdfParseTests.swift in Sources */ = {isa = PBXBuildFile; fileRef = B5B258612063405800DD6A15 /* TdfParseTests.swift */; };
		B5B258642065CD0100DD6A15 /* MapInfo.swift in Sources */ = {isa = PBXBuildFile; fileRef = B5B258632065CD0100DD6A15 /* MapInfo.swift */; };
		B5C5564A1E2C86A2001BEFAB /* AppDelegate.swift in Sources */ = {isa = PBXBuildFile; fileRef = B5C556491E2C86A2001BEFAB /* AppDelegate.swift */; };
		B5C5564E1E2C86A2001BEFAB /* TaassetsDocument.swift in Sources */ = {isa = PBXBuildFile; fileRef = B5C5564D1E2C86A2001BEFAB /* TaassetsDocument.swift */; };
		B5C556501E2C86A2001BEFAB /* Assets.xcassets in Resources */ = {isa = PBXBuildFile; fileRef = B5C5564F1E2C86A2001BEFAB /* Assets.xcassets */; };
		B5C556531E2C86A2001BEFAB /* Main.storyboard in Resources */ = {isa = PBXBuildFile; fileRef = B5C556511E2C86A2001BEFAB /* Main.storyboard */; };
		B5C5567E1E2D5CF1001BEFAB /* libz.tbd in Frameworks */ = {isa = PBXBuildFile; fileRef = B5C5567D1E2D5CF1001BEFAB /* libz.tbd */; };
		B5C556801E2F1262001BEFAB /* FileBrowser.swift in Sources */ = {isa = PBXBuildFile; fileRef = B5C5567F1E2F1262001BEFAB /* FileBrowser.swift */; };
		B5C556821E2F1747001BEFAB /* FinderView.swift in Sources */ = {isa = PBXBuildFile; fileRef = B5C556811E2F1747001BEFAB /* FinderView.swift */; };
		B5C556841E3058A9001BEFAB /* HpiFinderRow.xib in Resources */ = {isa = PBXBuildFile; fileRef = B5C556831E3058A9001BEFAB /* HpiFinderRow.xib */; };
		B5C5568F1E3437EF001BEFAB /* ModelView.swift in Sources */ = {isa = PBXBuildFile; fileRef = B5C5568E1E3437EF001BEFAB /* ModelView.swift */; };
		B5C556911E353FC1001BEFAB /* UnitBrowser.swift in Sources */ = {isa = PBXBuildFile; fileRef = B5C556901E353FC1001BEFAB /* UnitBrowser.swift */; };
		B5D432FA1F0995CC005B468E /* QuickLookView.swift in Sources */ = {isa = PBXBuildFile; fileRef = B5D432F91F0995CC005B468E /* QuickLookView.swift */; };
		B5E26F031ED9EB05006C329B /* gaf.swift in Sources */ = {isa = PBXBuildFile; fileRef = B5E26EF01ED9EB05006C329B /* gaf.swift */; };
		B5E26F041ED9EB05006C329B /* Geometry.swift in Sources */ = {isa = PBXBuildFile; fileRef = B5E26EF11ED9EB05006C329B /* Geometry.swift */; };
		B5E26F051ED9EB05006C329B /* hpi.swift in Sources */ = {isa = PBXBuildFile; fileRef = B5E26EF21ED9EB05006C329B /* hpi.swift */; };
		B5E26F061ED9EB05006C329B /* ModelTexturePack.swift in Sources */ = {isa = PBXBuildFile; fileRef = B5E26EF31ED9EB05006C329B /* ModelTexturePack.swift */; };
		B5E26F071ED9EB05006C329B /* pcx.swift in Sources */ = {isa = PBXBuildFile; fileRef = B5E26EF51ED9EB05006C329B /* pcx.swift */; };
		B5E26F091ED9EB05006C329B /* UnitData.swift in Sources */ = {isa = PBXBuildFile; fileRef = B5E26EFC1ED9EB05006C329B /* UnitData.swift */; };
		B5E26F0A1ED9EB05006C329B /* UnitInfo.swift in Sources */ = {isa = PBXBuildFile; fileRef = B5E26EFD1ED9EB05006C329B /* UnitInfo.swift */; };
		B5E26F0B1ED9EB05006C329B /* UnitModel.swift in Sources */ = {isa = PBXBuildFile; fileRef = B5E26EFE1ED9EB05006C329B /* UnitModel.swift */; };
		B5E26F0C1ED9EB05006C329B /* UnitObject.swift in Sources */ = {isa = PBXBuildFile; fileRef = B5E26EFF1ED9EB05006C329B /* UnitObject.swift */; };
		B5E26F0D1ED9EB05006C329B /* UnitScript.swift in Sources */ = {isa = PBXBuildFile; fileRef = B5E26F001ED9EB05006C329B /* UnitScript.swift */; };
		B5E26F0E1ED9EB05006C329B /* UnitScript+VM.swift in Sources */ = {isa = PBXBuildFile; fileRef = B5E26F011ED9EB05006C329B /* UnitScript+VM.swift */; };
		B5E26F0F1ED9EB05006C329B /* Utility.swift in Sources */ = {isa = PBXBuildFile; fileRef = B5E26F021ED9EB05006C329B /* Utility.swift */; };
		B5E26F381ED9F0ED006C329B /* GafView.swift in Sources */ = {isa = PBXBuildFile; fileRef = B5E26F371ED9F0ED006C329B /* GafView.swift */; };
		B5E26F3E1EDB4A02006C329B /* UnitTextureAtlas.swift in Sources */ = {isa = PBXBuildFile; fileRef = B5E26F3D1EDB4A02006C329B /* UnitTextureAtlas.swift */; };
		B5E26F401EE37211006C329B /* UnitModel+Instance.swift in Sources */ = {isa = PBXBuildFile; fileRef = B5E26F3F1EE37211006C329B /* UnitModel+Instance.swift */; };
		B5E26F441EE3745F006C329B /* UnitView+Opengl.swift in Sources */ = {isa = PBXBuildFile; fileRef = B5E26F431EE3745F006C329B /* UnitView+Opengl.swift */; };
		B5E26F4E1EE3BFB4006C329B /* TntView.swift in Sources */ = {isa = PBXBuildFile; fileRef = B5E26F4D1EE3BFB4006C329B /* TntView.swift */; };
		B5E26F501EE4813A006C329B /* MapBrowser.swift in Sources */ = {isa = PBXBuildFile; fileRef = B5E26F4F1EE4813A006C329B /* MapBrowser.swift */; };
		B5E26F521EE48A97006C329B /* Filesystem.swift in Sources */ = {isa = PBXBuildFile; fileRef = B5E26F511EE48A97006C329B /* Filesystem.swift */; };
		B5F89FEF20A66E110082943E /* unit-view.glsl.vert in Resources */ = {isa = PBXBuildFile; fileRef = B5F89FEE20A66E110082943E /* unit-view.glsl.vert */; };
		B5F89FF120A66E290082943E /* unit-view.glsl.frag in Resources */ = {isa = PBXBuildFile; fileRef = B5F89FF020A66E290082943E /* unit-view.glsl.frag */; };
		B5F89FF320AA6DED0082943E /* Utility+GLKit.swift in Sources */ = {isa = PBXBuildFile; fileRef = B5F89FF220AA6DED0082943E /* Utility+GLKit.swift */; };
		F015C79220AC9DD700873642 /* unit-view-grid.glsl.vert in Resources */ = {isa = PBXBuildFile; fileRef = F015C79120AC9DD600873642 /* unit-view-grid.glsl.vert */; };
		F015C79420AC9E3C00873642 /* unit-view-grid.glsl.frag in Resources */ = {isa = PBXBuildFile; fileRef = F015C79320AC9E3C00873642 /* unit-view-grid.glsl.frag */; };
		F015C79620ADFFFF00873642 /* UnitViewRenderer+OpenglCore33.swift in Sources */ = {isa = PBXBuildFile; fileRef = F015C79520ADFFFF00873642 /* UnitViewRenderer+OpenglCore33.swift */; };
		F015C79820AE261400873642 /* UnitViewRenderer+OpenglLegacy.swift in Sources */ = {isa = PBXBuildFile; fileRef = F015C79720AE261400873642 /* UnitViewRenderer+OpenglLegacy.swift */; };
		F021E3A02062F93A00D3BD39 /* TdfParser.swift in Sources */ = {isa = PBXBuildFile; fileRef = F021E39F2062F93A00D3BD39 /* TdfParser.swift */; };
		F04B28BD2065B503003A1ACC /* MapFeature.swift in Sources */ = {isa = PBXBuildFile; fileRef = F04B28BC2065B503003A1ACC /* MapFeature.swift */; };
		F04B28BF2065B70F003A1ACC /* MapView.swift in Sources */ = {isa = PBXBuildFile; fileRef = F04B28BE2065B70F003A1ACC /* MapView.swift */; };
		F07B5CC720F671FF00491322 /* UnitView+Metal.swift in Sources */ = {isa = PBXBuildFile; fileRef = F07B5CC620F671FF00491322 /* UnitView+Metal.swift */; };
		F07B5CC920F673C100491322 /* UnitViewRenderer+Metal.swift in Sources */ = {isa = PBXBuildFile; fileRef = F07B5CC820F673C100491322 /* UnitViewRenderer+Metal.swift */; };
		F07B5CCC20F67A3B00491322 /* UnitViewRenderer+MetalShaders.metal in Sources */ = {isa = PBXBuildFile; fileRef = F07B5CCA20F67A3A00491322 /* UnitViewRenderer+MetalShaders.metal */; };
		F07B5CCE20F7FA3700491322 /* Utility+Metal.swift in Sources */ = {isa = PBXBuildFile; fileRef = F07B5CCD20F7FA3600491322 /* Utility+Metal.swift */; };
		F08A641920EEAA47001E5982 /* ModelViewRenderer+OpenglLegacy.swift in Sources */ = {isa = PBXBuildFile; fileRef = F08A641320EEAA46001E5982 /* ModelViewRenderer+OpenglLegacy.swift */; };
		F08A641A20EEAA47001E5982 /* ModelView+Metal.swift in Sources */ = {isa = PBXBuildFile; fileRef = F08A641420EEAA47001E5982 /* ModelView+Metal.swift */; };
		F08A641B20EEAA47001E5982 /* ModelViewRenderer+Metal.swift in Sources */ = {isa = PBXBuildFile; fileRef = F08A641520EEAA47001E5982 /* ModelViewRenderer+Metal.swift */; };
		F08A641C20EEAA47001E5982 /* ModelViewRenderer+MetalShaders.metal in Sources */ = {isa = PBXBuildFile; fileRef = F08A641620EEAA47001E5982 /* ModelViewRenderer+MetalShaders.metal */; };
		F08A641D20EEAA47001E5982 /* ModelView+Opengl.swift in Sources */ = {isa = PBXBuildFile; fileRef = F08A641720EEAA47001E5982 /* ModelView+Opengl.swift */; };
		F08A641E20EEAA47001E5982 /* ModelViewRenderer+OpenglCore33.swift in Sources */ = {isa = PBXBuildFile; fileRef = F08A641820EEAA47001E5982 /* ModelViewRenderer+OpenglCore33.swift */; };
		F08A642020EEC2D5001E5982 /* UnitView.swift in Sources */ = {isa = PBXBuildFile; fileRef = F08A641F20EEC2D5001E5982 /* UnitView.swift */; };
		F09272362051E214007C51EC /* UnitScript+CobDecompile.swift in Sources */ = {isa = PBXBuildFile; fileRef = F09272352051E214007C51EC /* UnitScript+CobDecompile.swift */; };
		F092723E205206E9007C51EC /* CobDecompileTests.swift in Sources */ = {isa = PBXBuildFile; fileRef = F092723D205206E9007C51EC /* CobDecompileTests.swift */; };
		F0AAC55420AB56CB00D62553 /* unit-view-lighted.glsl.frag in Resources */ = {isa = PBXBuildFile; fileRef = F0AAC55320AB56CA00D62553 /* unit-view-lighted.glsl.frag */; };
		F0C08759201FACA300A884B1 /* UnitScript+Instructions.swift in Sources */ = {isa = PBXBuildFile; fileRef = F0C08758201FACA300A884B1 /* UnitScript+Instructions.swift */; };
		F0D23B902072C97200C0A245 /* Palette+Files.swift in Sources */ = {isa = PBXBuildFile; fileRef = F0D23B8F2072C97200C0A245 /* Palette+Files.swift */; };
		F0D9A49820586F230081DC15 /* MapModel.swift in Sources */ = {isa = PBXBuildFile; fileRef = F0D9A49720586F230081DC15 /* MapModel.swift */; };
		F0D9A49E2059F9180081DC15 /* Palette.swift in Sources */ = {isa = PBXBuildFile; fileRef = F0D9A49D2059F9180081DC15 /* Palette.swift */; };
		F0D9A4A42059FBD00081DC15 /* Utility+Cocoa.swift in Sources */ = {isa = PBXBuildFile; fileRef = F0D9A4A32059FBD00081DC15 /* Utility+Cocoa.swift */; };
		F0D9A4A62059FEE60081DC15 /* Utility+OpenGL.swift in Sources */ = {isa = PBXBuildFile; fileRef = F0D9A4A52059FEE60081DC15 /* Utility+OpenGL.swift */; };
/* End PBXBuildFile section */

/* Begin PBXContainerItemProxy section */
		F0927240205206E9007C51EC /* PBXContainerItemProxy */ = {
			isa = PBXContainerItemProxy;
			containerPortal = B5C5563E1E2C86A2001BEFAB /* Project object */;
			proxyType = 1;
			remoteGlobalIDString = B5C556451E2C86A2001BEFAB;
			remoteInfo = TAassets;
		};
/* End PBXContainerItemProxy section */

/* Begin PBXFileReference section */
		B51FF3711EECA1EC009B509A /* FileReadHandle.swift */ = {isa = PBXFileReference; lastKnownFileType = sourcecode.swift; path = FileReadHandle.swift; sourceTree = "<group>"; };
		B52A67461EC3F35900698DEF /* CobView.swift */ = {isa = PBXFileReference; fileEncoding = 4; lastKnownFileType = sourcecode.swift; name = CobView.swift; path = ../../HPIView/HPIView/CobView.swift; sourceTree = "<group>"; };
		B57C32B2206DEDF500B24C99 /* SideData.swift */ = {isa = PBXFileReference; lastKnownFileType = sourcecode.swift; path = SideData.swift; sourceTree = "<group>"; };
		B57C32B620702B9700B24C99 /* PaletteView.swift */ = {isa = PBXFileReference; fileEncoding = 4; lastKnownFileType = sourcecode.swift; name = PaletteView.swift; path = ../../HPIView/HPIView/PaletteView.swift; sourceTree = "<group>"; };
		B5B258612063405800DD6A15 /* TdfParseTests.swift */ = {isa = PBXFileReference; lastKnownFileType = sourcecode.swift; path = TdfParseTests.swift; sourceTree = "<group>"; };
		B5B258632065CD0100DD6A15 /* MapInfo.swift */ = {isa = PBXFileReference; lastKnownFileType = sourcecode.swift; path = MapInfo.swift; sourceTree = "<group>"; };
		B5C556461E2C86A2001BEFAB /* TAassets.app */ = {isa = PBXFileReference; explicitFileType = wrapper.application; includeInIndex = 0; path = TAassets.app; sourceTree = BUILT_PRODUCTS_DIR; };
		B5C556491E2C86A2001BEFAB /* AppDelegate.swift */ = {isa = PBXFileReference; lastKnownFileType = sourcecode.swift; path = AppDelegate.swift; sourceTree = "<group>"; };
		B5C5564D1E2C86A2001BEFAB /* TaassetsDocument.swift */ = {isa = PBXFileReference; lastKnownFileType = sourcecode.swift; path = TaassetsDocument.swift; sourceTree = "<group>"; };
		B5C5564F1E2C86A2001BEFAB /* Assets.xcassets */ = {isa = PBXFileReference; lastKnownFileType = folder.assetcatalog; path = Assets.xcassets; sourceTree = "<group>"; };
		B5C556521E2C86A2001BEFAB /* Base */ = {isa = PBXFileReference; lastKnownFileType = file.storyboard; name = Base; path = Base.lproj/Main.storyboard; sourceTree = "<group>"; };
		B5C556541E2C86A2001BEFAB /* Info.plist */ = {isa = PBXFileReference; lastKnownFileType = text.plist.xml; path = Info.plist; sourceTree = "<group>"; };
		B5C5567B1E2D5C75001BEFAB /* BridgingHeader.h */ = {isa = PBXFileReference; lastKnownFileType = sourcecode.c.h; path = BridgingHeader.h; sourceTree = "<group>"; };
		B5C5567D1E2D5CF1001BEFAB /* libz.tbd */ = {isa = PBXFileReference; lastKnownFileType = "sourcecode.text-based-dylib-definition"; name = libz.tbd; path = usr/lib/libz.tbd; sourceTree = SDKROOT; };
		B5C5567F1E2F1262001BEFAB /* FileBrowser.swift */ = {isa = PBXFileReference; fileEncoding = 4; lastKnownFileType = sourcecode.swift; path = FileBrowser.swift; sourceTree = "<group>"; };
		B5C556811E2F1747001BEFAB /* FinderView.swift */ = {isa = PBXFileReference; fileEncoding = 4; lastKnownFileType = sourcecode.swift; name = FinderView.swift; path = ../../HPIView/HPIView/FinderView.swift; sourceTree = "<group>"; };
		B5C556831E3058A9001BEFAB /* HpiFinderRow.xib */ = {isa = PBXFileReference; fileEncoding = 4; lastKnownFileType = file.xib; name = HpiFinderRow.xib; path = ../../HPIView/HPIView/HpiFinderRow.xib; sourceTree = "<group>"; };
		B5C5568E1E3437EF001BEFAB /* ModelView.swift */ = {isa = PBXFileReference; fileEncoding = 4; lastKnownFileType = sourcecode.swift; name = ModelView.swift; path = ../../HPIView/HPIView/ModelView.swift; sourceTree = "<group>"; };
		B5C556901E353FC1001BEFAB /* UnitBrowser.swift */ = {isa = PBXFileReference; fileEncoding = 4; lastKnownFileType = sourcecode.swift; path = UnitBrowser.swift; sourceTree = "<group>"; };
		B5D432F91F0995CC005B468E /* QuickLookView.swift */ = {isa = PBXFileReference; lastKnownFileType = sourcecode.swift; path = QuickLookView.swift; sourceTree = "<group>"; };
		B5E26EF01ED9EB05006C329B /* gaf.swift */ = {isa = PBXFileReference; fileEncoding = 4; lastKnownFileType = sourcecode.swift; path = gaf.swift; sourceTree = "<group>"; };
		B5E26EF11ED9EB05006C329B /* Geometry.swift */ = {isa = PBXFileReference; fileEncoding = 4; lastKnownFileType = sourcecode.swift; path = Geometry.swift; sourceTree = "<group>"; };
		B5E26EF21ED9EB05006C329B /* hpi.swift */ = {isa = PBXFileReference; fileEncoding = 4; lastKnownFileType = sourcecode.swift; path = hpi.swift; sourceTree = "<group>"; };
		B5E26EF31ED9EB05006C329B /* ModelTexturePack.swift */ = {isa = PBXFileReference; fileEncoding = 4; lastKnownFileType = sourcecode.swift; path = ModelTexturePack.swift; sourceTree = "<group>"; };
		B5E26EF41ED9EB05006C329B /* pcx.h */ = {isa = PBXFileReference; fileEncoding = 4; lastKnownFileType = sourcecode.c.h; path = pcx.h; sourceTree = "<group>"; };
		B5E26EF51ED9EB05006C329B /* pcx.swift */ = {isa = PBXFileReference; fileEncoding = 4; lastKnownFileType = sourcecode.swift; path = pcx.swift; sourceTree = "<group>"; };
		B5E26EF61ED9EB05006C329B /* ta_3DO.h */ = {isa = PBXFileReference; fileEncoding = 4; lastKnownFileType = sourcecode.c.h; path = ta_3DO.h; sourceTree = "<group>"; };
		B5E26EF71ED9EB05006C329B /* ta_COB.h */ = {isa = PBXFileReference; fileEncoding = 4; lastKnownFileType = sourcecode.c.h; path = ta_COB.h; sourceTree = "<group>"; };
		B5E26EF81ED9EB05006C329B /* ta_COB_Instructions.h */ = {isa = PBXFileReference; fileEncoding = 4; lastKnownFileType = sourcecode.c.h; path = ta_COB_Instructions.h; sourceTree = "<group>"; };
		B5E26EF91ED9EB05006C329B /* ta_GAF.h */ = {isa = PBXFileReference; fileEncoding = 4; lastKnownFileType = sourcecode.c.h; path = ta_GAF.h; sourceTree = "<group>"; };
		B5E26EFA1ED9EB05006C329B /* ta_HPI.h */ = {isa = PBXFileReference; fileEncoding = 4; lastKnownFileType = sourcecode.c.h; path = ta_HPI.h; sourceTree = "<group>"; };
		B5E26EFC1ED9EB05006C329B /* UnitData.swift */ = {isa = PBXFileReference; fileEncoding = 4; lastKnownFileType = sourcecode.swift; path = UnitData.swift; sourceTree = "<group>"; };
		B5E26EFD1ED9EB05006C329B /* UnitInfo.swift */ = {isa = PBXFileReference; fileEncoding = 4; lastKnownFileType = sourcecode.swift; path = UnitInfo.swift; sourceTree = "<group>"; };
		B5E26EFE1ED9EB05006C329B /* UnitModel.swift */ = {isa = PBXFileReference; fileEncoding = 4; lastKnownFileType = sourcecode.swift; path = UnitModel.swift; sourceTree = "<group>"; };
		B5E26EFF1ED9EB05006C329B /* UnitObject.swift */ = {isa = PBXFileReference; fileEncoding = 4; lastKnownFileType = sourcecode.swift; path = UnitObject.swift; sourceTree = "<group>"; };
		B5E26F001ED9EB05006C329B /* UnitScript.swift */ = {isa = PBXFileReference; fileEncoding = 4; lastKnownFileType = sourcecode.swift; path = UnitScript.swift; sourceTree = "<group>"; };
		B5E26F011ED9EB05006C329B /* UnitScript+VM.swift */ = {isa = PBXFileReference; fileEncoding = 4; lastKnownFileType = sourcecode.swift; path = "UnitScript+VM.swift"; sourceTree = "<group>"; };
		B5E26F021ED9EB05006C329B /* Utility.swift */ = {isa = PBXFileReference; fileEncoding = 4; lastKnownFileType = sourcecode.swift; path = Utility.swift; sourceTree = "<group>"; };
		B5E26F371ED9F0ED006C329B /* GafView.swift */ = {isa = PBXFileReference; fileEncoding = 4; lastKnownFileType = sourcecode.swift; name = GafView.swift; path = ../../HPIView/HPIView/GafView.swift; sourceTree = "<group>"; };
		B5E26F3D1EDB4A02006C329B /* UnitTextureAtlas.swift */ = {isa = PBXFileReference; fileEncoding = 4; lastKnownFileType = sourcecode.swift; path = UnitTextureAtlas.swift; sourceTree = "<group>"; };
		B5E26F3F1EE37211006C329B /* UnitModel+Instance.swift */ = {isa = PBXFileReference; fileEncoding = 4; lastKnownFileType = sourcecode.swift; path = "UnitModel+Instance.swift"; sourceTree = "<group>"; };
		B5E26F431EE3745F006C329B /* UnitView+Opengl.swift */ = {isa = PBXFileReference; fileEncoding = 4; lastKnownFileType = sourcecode.swift; path = "UnitView+Opengl.swift"; sourceTree = "<group>"; };
		B5E26F4A1EE3AF6B006C329B /* ta_TNT.h */ = {isa = PBXFileReference; lastKnownFileType = sourcecode.c.h; path = ta_TNT.h; sourceTree = "<group>"; };
		B5E26F4D1EE3BFB4006C329B /* TntView.swift */ = {isa = PBXFileReference; fileEncoding = 4; lastKnownFileType = sourcecode.swift; name = TntView.swift; path = ../../HPIView/HPIView/TntView.swift; sourceTree = "<group>"; };
		B5E26F4F1EE4813A006C329B /* MapBrowser.swift */ = {isa = PBXFileReference; fileEncoding = 4; lastKnownFileType = sourcecode.swift; path = MapBrowser.swift; sourceTree = "<group>"; };
		B5E26F511EE48A97006C329B /* Filesystem.swift */ = {isa = PBXFileReference; fileEncoding = 4; lastKnownFileType = sourcecode.swift; path = Filesystem.swift; sourceTree = "<group>"; };
		B5F89FEE20A66E110082943E /* unit-view.glsl.vert */ = {isa = PBXFileReference; explicitFileType = sourcecode.glsl; path = "unit-view.glsl.vert"; sourceTree = "<group>"; };
		B5F89FF020A66E290082943E /* unit-view.glsl.frag */ = {isa = PBXFileReference; explicitFileType = sourcecode.glsl; path = "unit-view.glsl.frag"; sourceTree = "<group>"; };
		B5F89FF220AA6DED0082943E /* Utility+GLKit.swift */ = {isa = PBXFileReference; lastKnownFileType = sourcecode.swift; path = "Utility+GLKit.swift"; sourceTree = "<group>"; };
		F015C79120AC9DD600873642 /* unit-view-grid.glsl.vert */ = {isa = PBXFileReference; fileEncoding = 4; lastKnownFileType = sourcecode.glsl; path = "unit-view-grid.glsl.vert"; sourceTree = "<group>"; };
		F015C79320AC9E3C00873642 /* unit-view-grid.glsl.frag */ = {isa = PBXFileReference; fileEncoding = 4; lastKnownFileType = sourcecode.glsl; path = "unit-view-grid.glsl.frag"; sourceTree = "<group>"; };
		F015C79520ADFFFF00873642 /* UnitViewRenderer+OpenglCore33.swift */ = {isa = PBXFileReference; lastKnownFileType = sourcecode.swift; path = "UnitViewRenderer+OpenglCore33.swift"; sourceTree = "<group>"; };
		F015C79720AE261400873642 /* UnitViewRenderer+OpenglLegacy.swift */ = {isa = PBXFileReference; lastKnownFileType = sourcecode.swift; path = "UnitViewRenderer+OpenglLegacy.swift"; sourceTree = "<group>"; };
		F021E39F2062F93A00D3BD39 /* TdfParser.swift */ = {isa = PBXFileReference; lastKnownFileType = sourcecode.swift; path = TdfParser.swift; sourceTree = "<group>"; };
		F04B28BC2065B503003A1ACC /* MapFeature.swift */ = {isa = PBXFileReference; lastKnownFileType = sourcecode.swift; path = MapFeature.swift; sourceTree = "<group>"; };
		F04B28BE2065B70F003A1ACC /* MapView.swift */ = {isa = PBXFileReference; lastKnownFileType = sourcecode.swift; path = MapView.swift; sourceTree = "<group>"; };
		F07B5CC620F671FF00491322 /* UnitView+Metal.swift */ = {isa = PBXFileReference; lastKnownFileType = sourcecode.swift; path = "UnitView+Metal.swift"; sourceTree = "<group>"; };
		F07B5CC820F673C100491322 /* UnitViewRenderer+Metal.swift */ = {isa = PBXFileReference; lastKnownFileType = sourcecode.swift; path = "UnitViewRenderer+Metal.swift"; sourceTree = "<group>"; };
		F07B5CCA20F67A3A00491322 /* UnitViewRenderer+MetalShaders.metal */ = {isa = PBXFileReference; fileEncoding = 4; lastKnownFileType = sourcecode.metal; path = "UnitViewRenderer+MetalShaders.metal"; sourceTree = "<group>"; };
		F07B5CCB20F67A3A00491322 /* UnitViewRenderer+MetalShaderTypes.h */ = {isa = PBXFileReference; fileEncoding = 4; lastKnownFileType = sourcecode.c.h; path = "UnitViewRenderer+MetalShaderTypes.h"; sourceTree = "<group>"; };
		F07B5CCD20F7FA3600491322 /* Utility+Metal.swift */ = {isa = PBXFileReference; fileEncoding = 4; lastKnownFileType = sourcecode.swift; path = "Utility+Metal.swift"; sourceTree = "<group>"; };
		F08A641220EEAA46001E5982 /* ModelViewRenderer+MetalShaderTypes.h */ = {isa = PBXFileReference; fileEncoding = 4; lastKnownFileType = sourcecode.c.h; name = "ModelViewRenderer+MetalShaderTypes.h"; path = "../../HPIView/HPIView/ModelViewRenderer+MetalShaderTypes.h"; sourceTree = "<group>"; };
		F08A641320EEAA46001E5982 /* ModelViewRenderer+OpenglLegacy.swift */ = {isa = PBXFileReference; fileEncoding = 4; lastKnownFileType = sourcecode.swift; name = "ModelViewRenderer+OpenglLegacy.swift"; path = "../../HPIView/HPIView/ModelViewRenderer+OpenglLegacy.swift"; sourceTree = "<group>"; };
		F08A641420EEAA47001E5982 /* ModelView+Metal.swift */ = {isa = PBXFileReference; fileEncoding = 4; lastKnownFileType = sourcecode.swift; name = "ModelView+Metal.swift"; path = "../../HPIView/HPIView/ModelView+Metal.swift"; sourceTree = "<group>"; };
		F08A641520EEAA47001E5982 /* ModelViewRenderer+Metal.swift */ = {isa = PBXFileReference; fileEncoding = 4; lastKnownFileType = sourcecode.swift; name = "ModelViewRenderer+Metal.swift"; path = "../../HPIView/HPIView/ModelViewRenderer+Metal.swift"; sourceTree = "<group>"; };
		F08A641620EEAA47001E5982 /* ModelViewRenderer+MetalShaders.metal */ = {isa = PBXFileReference; fileEncoding = 4; lastKnownFileType = sourcecode.metal; name = "ModelViewRenderer+MetalShaders.metal"; path = "../../HPIView/HPIView/ModelViewRenderer+MetalShaders.metal"; sourceTree = "<group>"; };
		F08A641720EEAA47001E5982 /* ModelView+Opengl.swift */ = {isa = PBXFileReference; fileEncoding = 4; lastKnownFileType = sourcecode.swift; name = "ModelView+Opengl.swift"; path = "../../HPIView/HPIView/ModelView+Opengl.swift"; sourceTree = "<group>"; };
		F08A641820EEAA47001E5982 /* ModelViewRenderer+OpenglCore33.swift */ = {isa = PBXFileReference; fileEncoding = 4; lastKnownFileType = sourcecode.swift; name = "ModelViewRenderer+OpenglCore33.swift"; path = "../../HPIView/HPIView/ModelViewRenderer+OpenglCore33.swift"; sourceTree = "<group>"; };
		F08A641F20EEC2D5001E5982 /* UnitView.swift */ = {isa = PBXFileReference; lastKnownFileType = sourcecode.swift; path = UnitView.swift; sourceTree = "<group>"; };
		F09272352051E214007C51EC /* UnitScript+CobDecompile.swift */ = {isa = PBXFileReference; lastKnownFileType = sourcecode.swift; path = "UnitScript+CobDecompile.swift"; sourceTree = "<group>"; };
		F092723B205206E8007C51EC /* TAassetsTests.xctest */ = {isa = PBXFileReference; explicitFileType = wrapper.cfbundle; includeInIndex = 0; path = TAassetsTests.xctest; sourceTree = BUILT_PRODUCTS_DIR; };
		F092723D205206E9007C51EC /* CobDecompileTests.swift */ = {isa = PBXFileReference; lastKnownFileType = sourcecode.swift; path = CobDecompileTests.swift; sourceTree = "<group>"; };
		F092723F205206E9007C51EC /* Info.plist */ = {isa = PBXFileReference; lastKnownFileType = text.plist.xml; path = Info.plist; sourceTree = "<group>"; };
		F0AAC55320AB56CA00D62553 /* unit-view-lighted.glsl.frag */ = {isa = PBXFileReference; fileEncoding = 4; lastKnownFileType = sourcecode.glsl; path = "unit-view-lighted.glsl.frag"; sourceTree = "<group>"; };
		F0C08758201FACA300A884B1 /* UnitScript+Instructions.swift */ = {isa = PBXFileReference; lastKnownFileType = sourcecode.swift; path = "UnitScript+Instructions.swift"; sourceTree = "<group>"; };
		F0D23B8F2072C97200C0A245 /* Palette+Files.swift */ = {isa = PBXFileReference; lastKnownFileType = sourcecode.swift; path = "Palette+Files.swift"; sourceTree = "<group>"; };
		F0D9A49720586F230081DC15 /* MapModel.swift */ = {isa = PBXFileReference; lastKnownFileType = sourcecode.swift; path = MapModel.swift; sourceTree = "<group>"; };
		F0D9A49D2059F9180081DC15 /* Palette.swift */ = {isa = PBXFileReference; lastKnownFileType = sourcecode.swift; path = Palette.swift; sourceTree = "<group>"; };
		F0D9A4A32059FBD00081DC15 /* Utility+Cocoa.swift */ = {isa = PBXFileReference; fileEncoding = 4; lastKnownFileType = sourcecode.swift; path = "Utility+Cocoa.swift"; sourceTree = "<group>"; };
		F0D9A4A52059FEE60081DC15 /* Utility+OpenGL.swift */ = {isa = PBXFileReference; fileEncoding = 4; lastKnownFileType = sourcecode.swift; path = "Utility+OpenGL.swift"; sourceTree = "<group>"; };
/* End PBXFileReference section */

/* Begin PBXFrameworksBuildPhase section */
		B5C556431E2C86A2001BEFAB /* Frameworks */ = {
			isa = PBXFrameworksBuildPhase;
			buildActionMask = 2147483647;
			files = (
				B5C5567E1E2D5CF1001BEFAB /* libz.tbd in Frameworks */,
			);
			runOnlyForDeploymentPostprocessing = 0;
		};
		F0927238205206E8007C51EC /* Frameworks */ = {
			isa = PBXFrameworksBuildPhase;
			buildActionMask = 2147483647;
			files = (
			);
			runOnlyForDeploymentPostprocessing = 0;
		};
/* End PBXFrameworksBuildPhase section */

/* Begin PBXGroup section */
		B5C5563D1E2C86A2001BEFAB = {
			isa = PBXGroup;
			children = (
				B5E26EEF1ED9EB05006C329B /* Common */,
				B5C556481E2C86A2001BEFAB /* TAassets */,
				F092723C205206E9007C51EC /* TAassetsTests */,
				B5C556471E2C86A2001BEFAB /* Products */,
				B5C5567C1E2D5CF1001BEFAB /* Frameworks */,
			);
			sourceTree = "<group>";
		};
		B5C556471E2C86A2001BEFAB /* Products */ = {
			isa = PBXGroup;
			children = (
				B5C556461E2C86A2001BEFAB /* TAassets.app */,
				F092723B205206E8007C51EC /* TAassetsTests.xctest */,
			);
			name = Products;
			sourceTree = "<group>";
		};
		B5C556481E2C86A2001BEFAB /* TAassets */ = {
			isa = PBXGroup;
			children = (
				B5C556491E2C86A2001BEFAB /* AppDelegate.swift */,
				B5C5564D1E2C86A2001BEFAB /* TaassetsDocument.swift */,
				B5C556901E353FC1001BEFAB /* UnitBrowser.swift */,
				B5C5567F1E2F1262001BEFAB /* FileBrowser.swift */,
				B5E26F4F1EE4813A006C329B /* MapBrowser.swift */,
				B5C556811E2F1747001BEFAB /* FinderView.swift */,
				B5D432F91F0995CC005B468E /* QuickLookView.swift */,
				B52A67461EC3F35900698DEF /* CobView.swift */,
				B5E26F371ED9F0ED006C329B /* GafView.swift */,
				F04B28BE2065B70F003A1ACC /* MapView.swift */,
				B5C5568E1E3437EF001BEFAB /* ModelView.swift */,
				F08A641420EEAA47001E5982 /* ModelView+Metal.swift */,
				F08A641720EEAA47001E5982 /* ModelView+Opengl.swift */,
				F08A641520EEAA47001E5982 /* ModelViewRenderer+Metal.swift */,
				F08A641620EEAA47001E5982 /* ModelViewRenderer+MetalShaders.metal */,
				F08A641220EEAA46001E5982 /* ModelViewRenderer+MetalShaderTypes.h */,
				F08A641820EEAA47001E5982 /* ModelViewRenderer+OpenglCore33.swift */,
				F08A641320EEAA46001E5982 /* ModelViewRenderer+OpenglLegacy.swift */,
				B57C32B620702B9700B24C99 /* PaletteView.swift */,
				B5E26F4D1EE3BFB4006C329B /* TntView.swift */,
				F08A641F20EEC2D5001E5982 /* UnitView.swift */,
				F07B5CC620F671FF00491322 /* UnitView+Metal.swift */,
				B5E26F431EE3745F006C329B /* UnitView+Opengl.swift */,
				F07B5CC820F673C100491322 /* UnitViewRenderer+Metal.swift */,
				F07B5CCA20F67A3A00491322 /* UnitViewRenderer+MetalShaders.metal */,
				F07B5CCB20F67A3A00491322 /* UnitViewRenderer+MetalShaderTypes.h */,
				F015C79520ADFFFF00873642 /* UnitViewRenderer+OpenglCore33.swift */,
				F015C79720AE261400873642 /* UnitViewRenderer+OpenglLegacy.swift */,
				F015C79320AC9E3C00873642 /* unit-view-grid.glsl.frag */,
				F015C79120AC9DD600873642 /* unit-view-grid.glsl.vert */,
				F0AAC55320AB56CA00D62553 /* unit-view-lighted.glsl.frag */,
				B5F89FF020A66E290082943E /* unit-view.glsl.frag */,
				B5F89FEE20A66E110082943E /* unit-view.glsl.vert */,
				B5C5567B1E2D5C75001BEFAB /* BridgingHeader.h */,
				B5C5564F1E2C86A2001BEFAB /* Assets.xcassets */,
				B5C556511E2C86A2001BEFAB /* Main.storyboard */,
				B5C556831E3058A9001BEFAB /* HpiFinderRow.xib */,
				B5C556541E2C86A2001BEFAB /* Info.plist */,
			);
			path = TAassets;
			sourceTree = "<group>";
		};
		B5C5567C1E2D5CF1001BEFAB /* Frameworks */ = {
			isa = PBXGroup;
			children = (
				B5C5567D1E2D5CF1001BEFAB /* libz.tbd */,
			);
			name = Frameworks;
			sourceTree = "<group>";
		};
		B5E26EEF1ED9EB05006C329B /* Common */ = {
			isa = PBXGroup;
			children = (
				B51FF3711EECA1EC009B509A /* FileReadHandle.swift */,
				B5E26F511EE48A97006C329B /* Filesystem.swift */,
				B5E26EF01ED9EB05006C329B /* gaf.swift */,
				B5E26EF11ED9EB05006C329B /* Geometry.swift */,
				B5E26EF21ED9EB05006C329B /* hpi.swift */,
				B5B258632065CD0100DD6A15 /* MapInfo.swift */,
				F04B28BC2065B503003A1ACC /* MapFeature.swift */,
				F0D9A49720586F230081DC15 /* MapModel.swift */,
				B5E26EF31ED9EB05006C329B /* ModelTexturePack.swift */,
				F0D9A49D2059F9180081DC15 /* Palette.swift */,
				F0D23B8F2072C97200C0A245 /* Palette+Files.swift */,
				B5E26EF41ED9EB05006C329B /* pcx.h */,
				B5E26EF51ED9EB05006C329B /* pcx.swift */,
				B57C32B2206DEDF500B24C99 /* SideData.swift */,
				B5E26EF61ED9EB05006C329B /* ta_3DO.h */,
				B5E26EF71ED9EB05006C329B /* ta_COB.h */,
				B5E26EF81ED9EB05006C329B /* ta_COB_Instructions.h */,
				B5E26EF91ED9EB05006C329B /* ta_GAF.h */,
				B5E26EFA1ED9EB05006C329B /* ta_HPI.h */,
				B5E26F4A1EE3AF6B006C329B /* ta_TNT.h */,
				F021E39F2062F93A00D3BD39 /* TdfParser.swift */,
				B5E26EFC1ED9EB05006C329B /* UnitData.swift */,
				B5E26EFD1ED9EB05006C329B /* UnitInfo.swift */,
				B5E26EFE1ED9EB05006C329B /* UnitModel.swift */,
				B5E26F3F1EE37211006C329B /* UnitModel+Instance.swift */,
				B5E26EFF1ED9EB05006C329B /* UnitObject.swift */,
				B5E26F001ED9EB05006C329B /* UnitScript.swift */,
				F09272352051E214007C51EC /* UnitScript+CobDecompile.swift */,
				F0C08758201FACA300A884B1 /* UnitScript+Instructions.swift */,
				B5E26F011ED9EB05006C329B /* UnitScript+VM.swift */,
				B5E26F3D1EDB4A02006C329B /* UnitTextureAtlas.swift */,
				B5E26F021ED9EB05006C329B /* Utility.swift */,
				F0D9A4A32059FBD00081DC15 /* Utility+Cocoa.swift */,
				B5F89FF220AA6DED0082943E /* Utility+GLKit.swift */,
				F07B5CCD20F7FA3600491322 /* Utility+Metal.swift */,
				F0D9A4A52059FEE60081DC15 /* Utility+OpenGL.swift */,
			);
			name = Common;
			path = ../Common;
			sourceTree = "<group>";
		};
		F092723C205206E9007C51EC /* TAassetsTests */ = {
			isa = PBXGroup;
			children = (
				F092723D205206E9007C51EC /* CobDecompileTests.swift */,
				B5B258612063405800DD6A15 /* TdfParseTests.swift */,
				F092723F205206E9007C51EC /* Info.plist */,
			);
			path = TAassetsTests;
			sourceTree = "<group>";
		};
/* End PBXGroup section */

/* Begin PBXNativeTarget section */
		B5C556451E2C86A2001BEFAB /* TAassets */ = {
			isa = PBXNativeTarget;
			buildConfigurationList = B5C5566D1E2C86A2001BEFAB /* Build configuration list for PBXNativeTarget "TAassets" */;
			buildPhases = (
				B5C556421E2C86A2001BEFAB /* Sources */,
				B5C556431E2C86A2001BEFAB /* Frameworks */,
				B5C556441E2C86A2001BEFAB /* Resources */,
			);
			buildRules = (
			);
			dependencies = (
			);
			name = TAassets;
			productName = TAassets;
			productReference = B5C556461E2C86A2001BEFAB /* TAassets.app */;
			productType = "com.apple.product-type.application";
		};
		F092723A205206E8007C51EC /* TAassetsTests */ = {
			isa = PBXNativeTarget;
			buildConfigurationList = F0927242205206E9007C51EC /* Build configuration list for PBXNativeTarget "TAassetsTests" */;
			buildPhases = (
				F0927237205206E8007C51EC /* Sources */,
				F0927238205206E8007C51EC /* Frameworks */,
				F0927239205206E8007C51EC /* Resources */,
			);
			buildRules = (
			);
			dependencies = (
				F0927241205206E9007C51EC /* PBXTargetDependency */,
			);
			name = TAassetsTests;
			productName = TAassetsTests;
			productReference = F092723B205206E8007C51EC /* TAassetsTests.xctest */;
			productType = "com.apple.product-type.bundle.unit-test";
		};
/* End PBXNativeTarget section */

/* Begin PBXProject section */
		B5C5563E1E2C86A2001BEFAB /* Project object */ = {
			isa = PBXProject;
			attributes = {
				LastSwiftUpdateCheck = 0920;
				LastUpgradeCheck = 0930;
				ORGANIZATIONNAME = "Logan Jones";
				TargetAttributes = {
					B5C556451E2C86A2001BEFAB = {
						CreatedOnToolsVersion = 8.2.1;
						LastSwiftMigration = 0900;
						ProvisioningStyle = Automatic;
					};
					F092723A205206E8007C51EC = {
						CreatedOnToolsVersion = 9.2;
						ProvisioningStyle = Automatic;
						TestTargetID = B5C556451E2C86A2001BEFAB;
					};
				};
			};
			buildConfigurationList = B5C556411E2C86A2001BEFAB /* Build configuration list for PBXProject "TAassets" */;
			compatibilityVersion = "Xcode 3.2";
			developmentRegion = English;
			hasScannedForEncodings = 0;
			knownRegions = (
				en,
				Base,
			);
			mainGroup = B5C5563D1E2C86A2001BEFAB;
			productRefGroup = B5C556471E2C86A2001BEFAB /* Products */;
			projectDirPath = "";
			projectRoot = "";
			targets = (
				B5C556451E2C86A2001BEFAB /* TAassets */,
				F092723A205206E8007C51EC /* TAassetsTests */,
			);
		};
/* End PBXProject section */

/* Begin PBXResourcesBuildPhase section */
		B5C556441E2C86A2001BEFAB /* Resources */ = {
			isa = PBXResourcesBuildPhase;
			buildActionMask = 2147483647;
			files = (
				B5C556841E3058A9001BEFAB /* HpiFinderRow.xib in Resources */,
				F015C79420AC9E3C00873642 /* unit-view-grid.glsl.frag in Resources */,
				B5C556501E2C86A2001BEFAB /* Assets.xcassets in Resources */,
				B5F89FF120A66E290082943E /* unit-view.glsl.frag in Resources */,
				F0AAC55420AB56CB00D62553 /* unit-view-lighted.glsl.frag in Resources */,
				B5F89FEF20A66E110082943E /* unit-view.glsl.vert in Resources */,
				F015C79220AC9DD700873642 /* unit-view-grid.glsl.vert in Resources */,
				B5C556531E2C86A2001BEFAB /* Main.storyboard in Resources */,
			);
			runOnlyForDeploymentPostprocessing = 0;
		};
		F0927239205206E8007C51EC /* Resources */ = {
			isa = PBXResourcesBuildPhase;
			buildActionMask = 2147483647;
			files = (
			);
			runOnlyForDeploymentPostprocessing = 0;
		};
/* End PBXResourcesBuildPhase section */

/* Begin PBXSourcesBuildPhase section */
		B5C556421E2C86A2001BEFAB /* Sources */ = {
			isa = PBXSourcesBuildPhase;
			buildActionMask = 2147483647;
			files = (
				F0D9A4A42059FBD00081DC15 /* Utility+Cocoa.swift in Sources */,
				B5E26F061ED9EB05006C329B /* ModelTexturePack.swift in Sources */,
				B5E26F0E1ED9EB05006C329B /* UnitScript+VM.swift in Sources */,
				F08A641D20EEAA47001E5982 /* ModelView+Opengl.swift in Sources */,
				B5E26F0A1ED9EB05006C329B /* UnitInfo.swift in Sources */,
				B5E26F041ED9EB05006C329B /* Geometry.swift in Sources */,
				B5E26F0D1ED9EB05006C329B /* UnitScript.swift in Sources */,
				B5C556911E353FC1001BEFAB /* UnitBrowser.swift in Sources */,
				B5E26F051ED9EB05006C329B /* hpi.swift in Sources */,
				B5E26F0C1ED9EB05006C329B /* UnitObject.swift in Sources */,
				F015C79820AE261400873642 /* UnitViewRenderer+OpenglLegacy.swift in Sources */,
				B5E26F441EE3745F006C329B /* UnitView+Opengl.swift in Sources */,
				F0D9A49820586F230081DC15 /* MapModel.swift in Sources */,
				B5B258642065CD0100DD6A15 /* MapInfo.swift in Sources */,
				F08A641920EEAA47001E5982 /* ModelViewRenderer+OpenglLegacy.swift in Sources */,
				F08A641A20EEAA47001E5982 /* ModelView+Metal.swift in Sources */,
				F0D9A4A62059FEE60081DC15 /* Utility+OpenGL.swift in Sources */,
				F08A641C20EEAA47001E5982 /* ModelViewRenderer+MetalShaders.metal in Sources */,
				B5D432FA1F0995CC005B468E /* QuickLookView.swift in Sources */,
				F0D23B902072C97200C0A245 /* Palette+Files.swift in Sources */,
				F0C08759201FACA300A884B1 /* UnitScript+Instructions.swift in Sources */,
				F04B28BF2065B70F003A1ACC /* MapView.swift in Sources */,
				B5C5564A1E2C86A2001BEFAB /* AppDelegate.swift in Sources */,
				B5E26F0F1ED9EB05006C329B /* Utility.swift in Sources */,
				F08A642020EEC2D5001E5982 /* UnitView.swift in Sources */,
				F021E3A02062F93A00D3BD39 /* TdfParser.swift in Sources */,
				B5F89FF320AA6DED0082943E /* Utility+GLKit.swift in Sources */,
				B5E26F381ED9F0ED006C329B /* GafView.swift in Sources */,
				B5E26F091ED9EB05006C329B /* UnitData.swift in Sources */,
				B5E26F401EE37211006C329B /* UnitModel+Instance.swift in Sources */,
				F07B5CCE20F7FA3700491322 /* Utility+Metal.swift in Sources */,
				F04B28BD2065B503003A1ACC /* MapFeature.swift in Sources */,
				B52A67471EC3F35900698DEF /* CobView.swift in Sources */,
				B5C5564E1E2C86A2001BEFAB /* TaassetsDocument.swift in Sources */,
				F09272362051E214007C51EC /* UnitScript+CobDecompile.swift in Sources */,
				B5E26F501EE4813A006C329B /* MapBrowser.swift in Sources */,
				B5C5568F1E3437EF001BEFAB /* ModelView.swift in Sources */,
				B5C556821E2F1747001BEFAB /* FinderView.swift in Sources */,
				B5E26F4E1EE3BFB4006C329B /* TntView.swift in Sources */,
				F0D9A49E2059F9180081DC15 /* Palette.swift in Sources */,
				B57C32B3206DEDF500B24C99 /* SideData.swift in Sources */,
				B5C556801E2F1262001BEFAB /* FileBrowser.swift in Sources */,
				B5E26F521EE48A97006C329B /* Filesystem.swift in Sources */,
				F08A641B20EEAA47001E5982 /* ModelViewRenderer+Metal.swift in Sources */,
				B51FF3721EECA1F3009B509A /* FileReadHandle.swift in Sources */,
				B5E26F0B1ED9EB05006C329B /* UnitModel.swift in Sources */,
				F015C79620ADFFFF00873642 /* UnitViewRenderer+OpenglCore33.swift in Sources */,
				F08A641E20EEAA47001E5982 /* ModelViewRenderer+OpenglCore33.swift in Sources */,
				B5E26F3E1EDB4A02006C329B /* UnitTextureAtlas.swift in Sources */,
				F07B5CC720F671FF00491322 /* UnitView+Metal.swift in Sources */,
				B5E26F031ED9EB05006C329B /* gaf.swift in Sources */,
				B57C32B720702B9700B24C99 /* PaletteView.swift in Sources */,
				B5E26F071ED9EB05006C329B /* pcx.swift in Sources */,
				F07B5CCC20F67A3B00491322 /* UnitViewRenderer+MetalShaders.metal in Sources */,
				F07B5CC920F673C100491322 /* UnitViewRenderer+Metal.swift in Sources */,
			);
			runOnlyForDeploymentPostprocessing = 0;
		};
		F0927237205206E8007C51EC /* Sources */ = {
			isa = PBXSourcesBuildPhase;
			buildActionMask = 2147483647;
			files = (
				B5B258622063405800DD6A15 /* TdfParseTests.swift in Sources */,
				F092723E205206E9007C51EC /* CobDecompileTests.swift in Sources */,
			);
			runOnlyForDeploymentPostprocessing = 0;
		};
/* End PBXSourcesBuildPhase section */

/* Begin PBXTargetDependency section */
		F0927241205206E9007C51EC /* PBXTargetDependency */ = {
			isa = PBXTargetDependency;
			target = B5C556451E2C86A2001BEFAB /* TAassets */;
			targetProxy = F0927240205206E9007C51EC /* PBXContainerItemProxy */;
		};
/* End PBXTargetDependency section */

/* Begin PBXVariantGroup section */
		B5C556511E2C86A2001BEFAB /* Main.storyboard */ = {
			isa = PBXVariantGroup;
			children = (
				B5C556521E2C86A2001BEFAB /* Base */,
			);
			name = Main.storyboard;
			sourceTree = "<group>";
		};
/* End PBXVariantGroup section */

/* Begin XCBuildConfiguration section */
		B5C5566B1E2C86A2001BEFAB /* Debug */ = {
			isa = XCBuildConfiguration;
			buildSettings = {
				ALWAYS_SEARCH_USER_PATHS = NO;
				CLANG_ANALYZER_NONNULL = YES;
				CLANG_CXX_LANGUAGE_STANDARD = "gnu++0x";
				CLANG_CXX_LIBRARY = "libc++";
				CLANG_ENABLE_MODULES = YES;
				CLANG_ENABLE_OBJC_ARC = YES;
				CLANG_WARN_BLOCK_CAPTURE_AUTORELEASING = YES;
				CLANG_WARN_BOOL_CONVERSION = YES;
				CLANG_WARN_COMMA = YES;
				CLANG_WARN_CONSTANT_CONVERSION = YES;
				CLANG_WARN_DEPRECATED_OBJC_IMPLEMENTATIONS = YES;
				CLANG_WARN_DIRECT_OBJC_ISA_USAGE = YES_ERROR;
				CLANG_WARN_DOCUMENTATION_COMMENTS = YES;
				CLANG_WARN_EMPTY_BODY = YES;
				CLANG_WARN_ENUM_CONVERSION = YES;
				CLANG_WARN_INFINITE_RECURSION = YES;
				CLANG_WARN_INT_CONVERSION = YES;
				CLANG_WARN_NON_LITERAL_NULL_CONVERSION = YES;
				CLANG_WARN_OBJC_IMPLICIT_RETAIN_SELF = YES;
				CLANG_WARN_OBJC_LITERAL_CONVERSION = YES;
				CLANG_WARN_OBJC_ROOT_CLASS = YES_ERROR;
				CLANG_WARN_RANGE_LOOP_ANALYSIS = YES;
				CLANG_WARN_STRICT_PROTOTYPES = YES;
				CLANG_WARN_SUSPICIOUS_MOVE = YES;
				CLANG_WARN_UNREACHABLE_CODE = YES;
				CLANG_WARN__DUPLICATE_METHOD_MATCH = YES;
				CODE_SIGN_IDENTITY = "-";
				COPY_PHASE_STRIP = NO;
				DEBUG_INFORMATION_FORMAT = dwarf;
				ENABLE_STRICT_OBJC_MSGSEND = YES;
				ENABLE_TESTABILITY = YES;
				GCC_C_LANGUAGE_STANDARD = gnu99;
				GCC_DYNAMIC_NO_PIC = NO;
				GCC_NO_COMMON_BLOCKS = YES;
				GCC_OPTIMIZATION_LEVEL = 0;
				GCC_PREPROCESSOR_DEFINITIONS = (
					"DEBUG=1",
					"$(inherited)",
				);
				GCC_WARN_64_TO_32_BIT_CONVERSION = YES;
				GCC_WARN_ABOUT_RETURN_TYPE = YES_ERROR;
				GCC_WARN_UNDECLARED_SELECTOR = YES;
				GCC_WARN_UNINITIALIZED_AUTOS = YES_AGGRESSIVE;
				GCC_WARN_UNUSED_FUNCTION = YES;
				GCC_WARN_UNUSED_VARIABLE = YES;
				MACOSX_DEPLOYMENT_TARGET = 10.12;
				MTL_ENABLE_DEBUG_INFO = YES;
				ONLY_ACTIVE_ARCH = YES;
				SDKROOT = macosx;
				SWIFT_ACTIVE_COMPILATION_CONDITIONS = DEBUG;
				SWIFT_OPTIMIZATION_LEVEL = "-Onone";
			};
			name = Debug;
		};
		B5C5566C1E2C86A2001BEFAB /* Release */ = {
			isa = XCBuildConfiguration;
			buildSettings = {
				ALWAYS_SEARCH_USER_PATHS = NO;
				CLANG_ANALYZER_NONNULL = YES;
				CLANG_CXX_LANGUAGE_STANDARD = "gnu++0x";
				CLANG_CXX_LIBRARY = "libc++";
				CLANG_ENABLE_MODULES = YES;
				CLANG_ENABLE_OBJC_ARC = YES;
				CLANG_WARN_BLOCK_CAPTURE_AUTORELEASING = YES;
				CLANG_WARN_BOOL_CONVERSION = YES;
				CLANG_WARN_COMMA = YES;
				CLANG_WARN_CONSTANT_CONVERSION = YES;
				CLANG_WARN_DEPRECATED_OBJC_IMPLEMENTATIONS = YES;
				CLANG_WARN_DIRECT_OBJC_ISA_USAGE = YES_ERROR;
				CLANG_WARN_DOCUMENTATION_COMMENTS = YES;
				CLANG_WARN_EMPTY_BODY = YES;
				CLANG_WARN_ENUM_CONVERSION = YES;
				CLANG_WARN_INFINITE_RECURSION = YES;
				CLANG_WARN_INT_CONVERSION = YES;
				CLANG_WARN_NON_LITERAL_NULL_CONVERSION = YES;
				CLANG_WARN_OBJC_IMPLICIT_RETAIN_SELF = YES;
				CLANG_WARN_OBJC_LITERAL_CONVERSION = YES;
				CLANG_WARN_OBJC_ROOT_CLASS = YES_ERROR;
				CLANG_WARN_RANGE_LOOP_ANALYSIS = YES;
				CLANG_WARN_STRICT_PROTOTYPES = YES;
				CLANG_WARN_SUSPICIOUS_MOVE = YES;
				CLANG_WARN_UNREACHABLE_CODE = YES;
				CLANG_WARN__DUPLICATE_METHOD_MATCH = YES;
				CODE_SIGN_IDENTITY = "-";
				COPY_PHASE_STRIP = NO;
				DEBUG_INFORMATION_FORMAT = "dwarf-with-dsym";
				ENABLE_NS_ASSERTIONS = NO;
				ENABLE_STRICT_OBJC_MSGSEND = YES;
				GCC_C_LANGUAGE_STANDARD = gnu99;
				GCC_NO_COMMON_BLOCKS = YES;
				GCC_WARN_64_TO_32_BIT_CONVERSION = YES;
				GCC_WARN_ABOUT_RETURN_TYPE = YES_ERROR;
				GCC_WARN_UNDECLARED_SELECTOR = YES;
				GCC_WARN_UNINITIALIZED_AUTOS = YES_AGGRESSIVE;
				GCC_WARN_UNUSED_FUNCTION = YES;
				GCC_WARN_UNUSED_VARIABLE = YES;
				MACOSX_DEPLOYMENT_TARGET = 10.12;
				MTL_ENABLE_DEBUG_INFO = NO;
				SDKROOT = macosx;
				SWIFT_OPTIMIZATION_LEVEL = "-Owholemodule";
			};
			name = Release;
		};
		B5C5566E1E2C86A2001BEFAB /* Debug */ = {
			isa = XCBuildConfiguration;
			buildSettings = {
				ASSETCATALOG_COMPILER_APPICON_NAME = AppIcon;
				COMBINE_HIDPI_IMAGES = YES;
				INFOPLIST_FILE = TAassets/Info.plist;
				LD_RUNPATH_SEARCH_PATHS = "$(inherited) @executable_path/../Frameworks";
				PRODUCT_BUNDLE_IDENTIFIER = Toasty.TAassets;
				PRODUCT_NAME = "$(TARGET_NAME)";
				SWIFT_OBJC_BRIDGING_HEADER = TAassets/BridgingHeader.h;
				SWIFT_VERSION = 4.0;
			};
			name = Debug;
		};
		B5C5566F1E2C86A2001BEFAB /* Release */ = {
			isa = XCBuildConfiguration;
			buildSettings = {
				ASSETCATALOG_COMPILER_APPICON_NAME = AppIcon;
				COMBINE_HIDPI_IMAGES = YES;
				INFOPLIST_FILE = TAassets/Info.plist;
				LD_RUNPATH_SEARCH_PATHS = "$(inherited) @executable_path/../Frameworks";
				PRODUCT_BUNDLE_IDENTIFIER = Toasty.TAassets;
				PRODUCT_NAME = "$(TARGET_NAME)";
				SWIFT_OBJC_BRIDGING_HEADER = TAassets/BridgingHeader.h;
				SWIFT_VERSION = 4.0;
			};
			name = Release;
		};
		F0927243205206E9007C51EC /* Debug */ = {
			isa = XCBuildConfiguration;
			buildSettings = {
				BUNDLE_LOADER = "$(TEST_HOST)";
				CLANG_ANALYZER_NUMBER_OBJECT_CONVERSION = YES_AGGRESSIVE;
				CLANG_CXX_LANGUAGE_STANDARD = "gnu++14";
				CLANG_WARN_UNGUARDED_AVAILABILITY = YES_AGGRESSIVE;
				CODE_SIGN_STYLE = Automatic;
				COMBINE_HIDPI_IMAGES = YES;
				GCC_C_LANGUAGE_STANDARD = gnu11;
				INFOPLIST_FILE = TAassetsTests/Info.plist;
				LD_RUNPATH_SEARCH_PATHS = "$(inherited) @executable_path/../Frameworks @loader_path/../Frameworks";
				MACOSX_DEPLOYMENT_TARGET = 10.13;
				PRODUCT_BUNDLE_IDENTIFIER = SwiftTA.TAassetsTests;
				PRODUCT_NAME = "$(TARGET_NAME)";
				SWIFT_VERSION = 4.0;
				TEST_HOST = "$(BUILT_PRODUCTS_DIR)/TAassets.app/Contents/MacOS/TAassets";
			};
			name = Debug;
		};
		F0927244205206E9007C51EC /* Release */ = {
			isa = XCBuildConfiguration;
			buildSettings = {
				BUNDLE_LOADER = "$(TEST_HOST)";
				CLANG_ANALYZER_NUMBER_OBJECT_CONVERSION = YES_AGGRESSIVE;
				CLANG_CXX_LANGUAGE_STANDARD = "gnu++14";
				CLANG_WARN_UNGUARDED_AVAILABILITY = YES_AGGRESSIVE;
				CODE_SIGN_STYLE = Automatic;
				COMBINE_HIDPI_IMAGES = YES;
				GCC_C_LANGUAGE_STANDARD = gnu11;
				INFOPLIST_FILE = TAassetsTests/Info.plist;
				LD_RUNPATH_SEARCH_PATHS = "$(inherited) @executable_path/../Frameworks @loader_path/../Frameworks";
				MACOSX_DEPLOYMENT_TARGET = 10.13;
				PRODUCT_BUNDLE_IDENTIFIER = SwiftTA.TAassetsTests;
				PRODUCT_NAME = "$(TARGET_NAME)";
				SWIFT_VERSION = 4.0;
				TEST_HOST = "$(BUILT_PRODUCTS_DIR)/TAassets.app/Contents/MacOS/TAassets";
			};
			name = Release;
		};
/* End XCBuildConfiguration section */

/* Begin XCConfigurationList section */
		B5C556411E2C86A2001BEFAB /* Build configuration list for PBXProject "TAassets" */ = {
			isa = XCConfigurationList;
			buildConfigurations = (
				B5C5566B1E2C86A2001BEFAB /* Debug */,
				B5C5566C1E2C86A2001BEFAB /* Release */,
			);
			defaultConfigurationIsVisible = 0;
			defaultConfigurationName = Release;
		};
		B5C5566D1E2C86A2001BEFAB /* Build configuration list for PBXNativeTarget "TAassets" */ = {
			isa = XCConfigurationList;
			buildConfigurations = (
				B5C5566E1E2C86A2001BEFAB /* Debug */,
				B5C5566F1E2C86A2001BEFAB /* Release */,
			);
			defaultConfigurationIsVisible = 0;
			defaultConfigurationName = Release;
		};
		F0927242205206E9007C51EC /* Build configuration list for PBXNativeTarget "TAassetsTests" */ = {
			isa = XCConfigurationList;
			buildConfigurations = (
				F0927243205206E9007C51EC /* Debug */,
				F0927244205206E9007C51EC /* Release */,
			);
			defaultConfigurationIsVisible = 0;
			defaultConfigurationName = Release;
		};
/* End XCConfigurationList section */
	};
	rootObject = B5C5563E1E2C86A2001BEFAB /* Project object */;
}
