// !$*UTF8*$!
{
	archiveVersion = 1;
	classes = {
	};
	objectVersion = 46;
	objects = {

/* Begin PBXBuildFile section */
		B503B5E51E17559000CBB149 /* PALETTE.PAL in Resources */ = {isa = PBXBuildFile; fileRef = B5B472121E13A02600FC79E2 /* PALETTE.PAL */; };
		B50F6A4E1D87A54B0016C15B /* AppDelegate.swift in Sources */ = {isa = PBXBuildFile; fileRef = B50F6A4D1D87A54B0016C15B /* AppDelegate.swift */; };
		B50F6A501D87A54B0016C15B /* HpiDocument.swift in Sources */ = {isa = PBXBuildFile; fileRef = B50F6A4F1D87A54B0016C15B /* HpiDocument.swift */; };
		B50F6A551D87A54B0016C15B /* Assets.xcassets in Resources */ = {isa = PBXBuildFile; fileRef = B50F6A541D87A54B0016C15B /* Assets.xcassets */; };
		B50F6A581D87A54B0016C15B /* MainMenu.xib in Resources */ = {isa = PBXBuildFile; fileRef = B50F6A561D87A54B0016C15B /* MainMenu.xib */; };
		B51FF36E1EEC6711009B509A /* Filesystem.swift in Sources */ = {isa = PBXBuildFile; fileRef = B51FF36D1EEC66F4009B509A /* Filesystem.swift */; };
		B51FF3701EEC966E009B509A /* FileReadHandle.swift in Sources */ = {isa = PBXBuildFile; fileRef = B51FF36F1EEC966E009B509A /* FileReadHandle.swift */; };
		B53524E32055BB5B007A2A2C /* UnitScript+CobDecompile.swift in Sources */ = {isa = PBXBuildFile; fileRef = B56086742055B519005AAEC6 /* UnitScript+CobDecompile.swift */; };
		B53524E42055BB70007A2A2C /* UnitScript.swift in Sources */ = {isa = PBXBuildFile; fileRef = B5E26F201ED9EB80006C329B /* UnitScript.swift */; };
		B553EE361DDFE2270033C70D /* ModelView.swift in Sources */ = {isa = PBXBuildFile; fileRef = B553EE351DDFE2270033C70D /* ModelView.swift */; };
		B553EE381DE004AB0033C70D /* FinderView.swift in Sources */ = {isa = PBXBuildFile; fileRef = B553EE371DE004AB0033C70D /* FinderView.swift */; };
		B57C32B520702B4700B24C99 /* PaletteView.swift in Sources */ = {isa = PBXBuildFile; fileRef = B57C32B420702B4700B24C99 /* PaletteView.swift */; };
		B58ECAC11DC6BE90005F231F /* libz.tbd in Frameworks */ = {isa = PBXBuildFile; fileRef = B58ECAC01DC6BE90005F231F /* libz.tbd */; };
		B5D4B6DB1E04E5F200ADBE65 /* HpiFinderRow.xib in Resources */ = {isa = PBXBuildFile; fileRef = B5D4B6DA1E04E5F200ADBE65 /* HpiFinderRow.xib */; };
		B5E26F231ED9EB80006C329B /* gaf.swift in Sources */ = {isa = PBXBuildFile; fileRef = B5E26F111ED9EB80006C329B /* gaf.swift */; };
		B5E26F241ED9EB80006C329B /* Geometry.swift in Sources */ = {isa = PBXBuildFile; fileRef = B5E26F121ED9EB80006C329B /* Geometry.swift */; };
		B5E26F251ED9EB80006C329B /* hpi.swift in Sources */ = {isa = PBXBuildFile; fileRef = B5E26F131ED9EB80006C329B /* hpi.swift */; };
		B5E26F271ED9EB80006C329B /* pcx.swift in Sources */ = {isa = PBXBuildFile; fileRef = B5E26F161ED9EB80006C329B /* pcx.swift */; };
		B5E26F2A1ED9EB80006C329B /* UnitModel.swift in Sources */ = {isa = PBXBuildFile; fileRef = B5E26F1E1ED9EB80006C329B /* UnitModel.swift */; };
		B5E26F2E1ED9EB80006C329B /* Utility.swift in Sources */ = {isa = PBXBuildFile; fileRef = B5E26F221ED9EB80006C329B /* Utility.swift */; };
		B5E26F301ED9ECE9006C329B /* CobView.swift in Sources */ = {isa = PBXBuildFile; fileRef = B5E26F2F1ED9ECE9006C329B /* CobView.swift */; };
		B5E26F321ED9EDD7006C329B /* GafView.swift in Sources */ = {isa = PBXBuildFile; fileRef = B5E26F311ED9EDD7006C329B /* GafView.swift */; };
		B5E26F421EE373A6006C329B /* UnitModel+Instance.swift in Sources */ = {isa = PBXBuildFile; fileRef = B5E26F411EE373A6006C329B /* UnitModel+Instance.swift */; };
		F015C79A20AE369600873642 /* ModelView+OpenglCore33Renderer.swift in Sources */ = {isa = PBXBuildFile; fileRef = F015C79920AE369600873642 /* ModelView+OpenglCore33Renderer.swift */; };
		F015C79D20AE3D9600873642 /* unit-view-grid.glsl.vert in Resources */ = {isa = PBXBuildFile; fileRef = F015C79B20AE3D9500873642 /* unit-view-grid.glsl.vert */; };
		F015C79E20AE3D9600873642 /* unit-view-grid.glsl.frag in Resources */ = {isa = PBXBuildFile; fileRef = F015C79C20AE3D9500873642 /* unit-view-grid.glsl.frag */; };
		F015C7A020AE421000873642 /* ModelView+OpenglLegacyRenderer.swift in Sources */ = {isa = PBXBuildFile; fileRef = F015C79F20AE421000873642 /* ModelView+OpenglLegacyRenderer.swift */; };
		F0AAC55620AB83F700D62553 /* Utility+GLKit.swift in Sources */ = {isa = PBXBuildFile; fileRef = F0AAC55520AB83F700D62553 /* Utility+GLKit.swift */; };
		F0AAC55920AB842C00D62553 /* UnitTextureAtlas.swift in Sources */ = {isa = PBXBuildFile; fileRef = F0AAC55820AB842C00D62553 /* UnitTextureAtlas.swift */; };
		F0AAC55A20AB844700D62553 /* ModelTexturePack.swift in Sources */ = {isa = PBXBuildFile; fileRef = B5E26F141ED9EB80006C329B /* ModelTexturePack.swift */; };
		F0AAC55E20AB84C600D62553 /* unit-view-lighted.glsl.frag in Resources */ = {isa = PBXBuildFile; fileRef = F0AAC55B20AB84C500D62553 /* unit-view-lighted.glsl.frag */; };
		F0AAC55F20AB84C600D62553 /* unit-view.glsl.frag in Resources */ = {isa = PBXBuildFile; fileRef = F0AAC55C20AB84C600D62553 /* unit-view.glsl.frag */; };
		F0AAC56020AB84C600D62553 /* unit-view.glsl.vert in Resources */ = {isa = PBXBuildFile; fileRef = F0AAC55D20AB84C600D62553 /* unit-view.glsl.vert */; };
		F0AEB0E22098FB590087B36B /* QuickLookView.swift in Sources */ = {isa = PBXBuildFile; fileRef = F0AEB0E12098FB580087B36B /* QuickLookView.swift */; };
		F0D23B92207402CD00C0A245 /* Palette+Files.swift in Sources */ = {isa = PBXBuildFile; fileRef = F0D23B91207402CC00C0A245 /* Palette+Files.swift */; };
		F0D23B932074034400C0A245 /* UnitInfo.swift in Sources */ = {isa = PBXBuildFile; fileRef = B5E26F1D1ED9EB80006C329B /* UnitInfo.swift */; };
		F0D23B952074036800C0A245 /* TdfParser.swift in Sources */ = {isa = PBXBuildFile; fileRef = F0D23B942074036700C0A245 /* TdfParser.swift */; };
		F0D23B972074038600C0A245 /* SideData.swift in Sources */ = {isa = PBXBuildFile; fileRef = F0D23B962074038600C0A245 /* SideData.swift */; };
		F0D23B9A207403AD00C0A245 /* MapFeature.swift in Sources */ = {isa = PBXBuildFile; fileRef = F0D23B98207403AD00C0A245 /* MapFeature.swift */; };
		F0D23B9B207403AD00C0A245 /* MapInfo.swift in Sources */ = {isa = PBXBuildFile; fileRef = F0D23B99207403AD00C0A245 /* MapInfo.swift */; };
		F0D9A49A20588A810081DC15 /* MapModel.swift in Sources */ = {isa = PBXBuildFile; fileRef = F0D9A49920588A800081DC15 /* MapModel.swift */; };
		F0D9A49C2059F6D90081DC15 /* TntView.swift in Sources */ = {isa = PBXBuildFile; fileRef = F0D9A49B2059F6D90081DC15 /* TntView.swift */; };
		F0D9A4A02059FA3D0081DC15 /* Palette.swift in Sources */ = {isa = PBXBuildFile; fileRef = F0D9A49F2059FA3D0081DC15 /* Palette.swift */; };
		F0D9A4A22059FBAD0081DC15 /* Utility+Cocoa.swift in Sources */ = {isa = PBXBuildFile; fileRef = F0D9A4A12059FBAD0081DC15 /* Utility+Cocoa.swift */; };
		F0D9A4A82059FF080081DC15 /* Utility+OpenGL.swift in Sources */ = {isa = PBXBuildFile; fileRef = F0D9A4A72059FF080081DC15 /* Utility+OpenGL.swift */; };
/* End PBXBuildFile section */

/* Begin PBXFileReference section */
		B50F6A4A1D87A54B0016C15B /* HPIView.app */ = {isa = PBXFileReference; explicitFileType = wrapper.application; includeInIndex = 0; path = HPIView.app; sourceTree = BUILT_PRODUCTS_DIR; };
		B50F6A4D1D87A54B0016C15B /* AppDelegate.swift */ = {isa = PBXFileReference; lastKnownFileType = sourcecode.swift; path = AppDelegate.swift; sourceTree = "<group>"; };
		B50F6A4F1D87A54B0016C15B /* HpiDocument.swift */ = {isa = PBXFileReference; lastKnownFileType = sourcecode.swift; path = HpiDocument.swift; sourceTree = "<group>"; };
		B50F6A541D87A54B0016C15B /* Assets.xcassets */ = {isa = PBXFileReference; lastKnownFileType = folder.assetcatalog; path = Assets.xcassets; sourceTree = "<group>"; };
		B50F6A571D87A54B0016C15B /* Base */ = {isa = PBXFileReference; lastKnownFileType = file.xib; name = Base; path = Base.lproj/MainMenu.xib; sourceTree = "<group>"; };
		B50F6A591D87A54B0016C15B /* Info.plist */ = {isa = PBXFileReference; lastKnownFileType = text.plist.xml; path = Info.plist; sourceTree = "<group>"; };
		B51FF36D1EEC66F4009B509A /* Filesystem.swift */ = {isa = PBXFileReference; lastKnownFileType = sourcecode.swift; path = Filesystem.swift; sourceTree = "<group>"; };
		B51FF36F1EEC966E009B509A /* FileReadHandle.swift */ = {isa = PBXFileReference; lastKnownFileType = sourcecode.swift; path = FileReadHandle.swift; sourceTree = "<group>"; };
		B553EE351DDFE2270033C70D /* ModelView.swift */ = {isa = PBXFileReference; fileEncoding = 4; lastKnownFileType = sourcecode.swift; path = ModelView.swift; sourceTree = "<group>"; };
		B553EE371DE004AB0033C70D /* FinderView.swift */ = {isa = PBXFileReference; fileEncoding = 4; lastKnownFileType = sourcecode.swift; path = FinderView.swift; sourceTree = "<group>"; };
		B56086742055B519005AAEC6 /* UnitScript+CobDecompile.swift */ = {isa = PBXFileReference; fileEncoding = 4; lastKnownFileType = sourcecode.swift; path = "UnitScript+CobDecompile.swift"; sourceTree = "<group>"; };
		B57C32B420702B4700B24C99 /* PaletteView.swift */ = {isa = PBXFileReference; lastKnownFileType = sourcecode.swift; path = PaletteView.swift; sourceTree = "<group>"; };
		B58ECABB1DC6B3B9005F231F /* BridgingHeader.h */ = {isa = PBXFileReference; lastKnownFileType = sourcecode.c.h; path = BridgingHeader.h; sourceTree = "<group>"; };
		B58ECAC01DC6BE90005F231F /* libz.tbd */ = {isa = PBXFileReference; lastKnownFileType = "sourcecode.text-based-dylib-definition"; name = libz.tbd; path = usr/lib/libz.tbd; sourceTree = SDKROOT; };
		B5B472121E13A02600FC79E2 /* PALETTE.PAL */ = {isa = PBXFileReference; lastKnownFileType = file; path = PALETTE.PAL; sourceTree = "<group>"; };
		B5D4B6DA1E04E5F200ADBE65 /* HpiFinderRow.xib */ = {isa = PBXFileReference; fileEncoding = 4; lastKnownFileType = file.xib; path = HpiFinderRow.xib; sourceTree = "<group>"; };
		B5E26F111ED9EB80006C329B /* gaf.swift */ = {isa = PBXFileReference; fileEncoding = 4; lastKnownFileType = sourcecode.swift; path = gaf.swift; sourceTree = "<group>"; };
		B5E26F121ED9EB80006C329B /* Geometry.swift */ = {isa = PBXFileReference; fileEncoding = 4; lastKnownFileType = sourcecode.swift; path = Geometry.swift; sourceTree = "<group>"; };
		B5E26F131ED9EB80006C329B /* hpi.swift */ = {isa = PBXFileReference; fileEncoding = 4; lastKnownFileType = sourcecode.swift; path = hpi.swift; sourceTree = "<group>"; };
		B5E26F141ED9EB80006C329B /* ModelTexturePack.swift */ = {isa = PBXFileReference; fileEncoding = 4; lastKnownFileType = sourcecode.swift; path = ModelTexturePack.swift; sourceTree = "<group>"; };
		B5E26F151ED9EB80006C329B /* pcx.h */ = {isa = PBXFileReference; fileEncoding = 4; lastKnownFileType = sourcecode.c.h; path = pcx.h; sourceTree = "<group>"; };
		B5E26F161ED9EB80006C329B /* pcx.swift */ = {isa = PBXFileReference; fileEncoding = 4; lastKnownFileType = sourcecode.swift; path = pcx.swift; sourceTree = "<group>"; };
		B5E26F171ED9EB80006C329B /* ta_3DO.h */ = {isa = PBXFileReference; fileEncoding = 4; lastKnownFileType = sourcecode.c.h; path = ta_3DO.h; sourceTree = "<group>"; };
		B5E26F181ED9EB80006C329B /* ta_COB.h */ = {isa = PBXFileReference; fileEncoding = 4; lastKnownFileType = sourcecode.c.h; path = ta_COB.h; sourceTree = "<group>"; };
		B5E26F191ED9EB80006C329B /* ta_COB_Instructions.h */ = {isa = PBXFileReference; fileEncoding = 4; lastKnownFileType = sourcecode.c.h; path = ta_COB_Instructions.h; sourceTree = "<group>"; };
		B5E26F1A1ED9EB80006C329B /* ta_GAF.h */ = {isa = PBXFileReference; fileEncoding = 4; lastKnownFileType = sourcecode.c.h; path = ta_GAF.h; sourceTree = "<group>"; };
		B5E26F1B1ED9EB80006C329B /* ta_HPI.h */ = {isa = PBXFileReference; fileEncoding = 4; lastKnownFileType = sourcecode.c.h; path = ta_HPI.h; sourceTree = "<group>"; };
		B5E26F1C1ED9EB80006C329B /* UnitData.swift */ = {isa = PBXFileReference; fileEncoding = 4; lastKnownFileType = sourcecode.swift; path = UnitData.swift; sourceTree = "<group>"; };
		B5E26F1D1ED9EB80006C329B /* UnitInfo.swift */ = {isa = PBXFileReference; fileEncoding = 4; lastKnownFileType = sourcecode.swift; path = UnitInfo.swift; sourceTree = "<group>"; };
		B5E26F1E1ED9EB80006C329B /* UnitModel.swift */ = {isa = PBXFileReference; fileEncoding = 4; lastKnownFileType = sourcecode.swift; path = UnitModel.swift; sourceTree = "<group>"; };
		B5E26F1F1ED9EB80006C329B /* UnitObject.swift */ = {isa = PBXFileReference; fileEncoding = 4; lastKnownFileType = sourcecode.swift; path = UnitObject.swift; sourceTree = "<group>"; };
		B5E26F201ED9EB80006C329B /* UnitScript.swift */ = {isa = PBXFileReference; fileEncoding = 4; lastKnownFileType = sourcecode.swift; path = UnitScript.swift; sourceTree = "<group>"; };
		B5E26F221ED9EB80006C329B /* Utility.swift */ = {isa = PBXFileReference; fileEncoding = 4; lastKnownFileType = sourcecode.swift; path = Utility.swift; sourceTree = "<group>"; };
		B5E26F2F1ED9ECE9006C329B /* CobView.swift */ = {isa = PBXFileReference; fileEncoding = 4; lastKnownFileType = sourcecode.swift; path = CobView.swift; sourceTree = "<group>"; };
		B5E26F311ED9EDD7006C329B /* GafView.swift */ = {isa = PBXFileReference; fileEncoding = 4; lastKnownFileType = sourcecode.swift; path = GafView.swift; sourceTree = "<group>"; };
		B5E26F411EE373A6006C329B /* UnitModel+Instance.swift */ = {isa = PBXFileReference; fileEncoding = 4; lastKnownFileType = sourcecode.swift; path = "UnitModel+Instance.swift"; sourceTree = "<group>"; };
		B5E26F491EE3AF5F006C329B /* ta_TNT.h */ = {isa = PBXFileReference; lastKnownFileType = sourcecode.c.h; path = ta_TNT.h; sourceTree = "<group>"; };
		F015C79920AE369600873642 /* ModelView+OpenglCore33Renderer.swift */ = {isa = PBXFileReference; lastKnownFileType = sourcecode.swift; path = "ModelView+OpenglCore33Renderer.swift"; sourceTree = "<group>"; };
		F015C79B20AE3D9500873642 /* unit-view-grid.glsl.vert */ = {isa = PBXFileReference; fileEncoding = 4; lastKnownFileType = sourcecode.glsl; name = "unit-view-grid.glsl.vert"; path = "../../TAassets/TAassets/unit-view-grid.glsl.vert"; sourceTree = "<group>"; };
		F015C79C20AE3D9500873642 /* unit-view-grid.glsl.frag */ = {isa = PBXFileReference; fileEncoding = 4; lastKnownFileType = sourcecode.glsl; name = "unit-view-grid.glsl.frag"; path = "../../TAassets/TAassets/unit-view-grid.glsl.frag"; sourceTree = "<group>"; };
		F015C79F20AE421000873642 /* ModelView+OpenglLegacyRenderer.swift */ = {isa = PBXFileReference; fileEncoding = 4; lastKnownFileType = sourcecode.swift; path = "ModelView+OpenglLegacyRenderer.swift"; sourceTree = "<group>"; };
		F0AAC55520AB83F700D62553 /* Utility+GLKit.swift */ = {isa = PBXFileReference; fileEncoding = 4; lastKnownFileType = sourcecode.swift; path = "Utility+GLKit.swift"; sourceTree = "<group>"; };
		F0AAC55820AB842C00D62553 /* UnitTextureAtlas.swift */ = {isa = PBXFileReference; fileEncoding = 4; lastKnownFileType = sourcecode.swift; path = UnitTextureAtlas.swift; sourceTree = "<group>"; };
		F0AAC55B20AB84C500D62553 /* unit-view-lighted.glsl.frag */ = {isa = PBXFileReference; fileEncoding = 4; lastKnownFileType = sourcecode.glsl; name = "unit-view-lighted.glsl.frag"; path = "../../TAassets/TAassets/unit-view-lighted.glsl.frag"; sourceTree = "<group>"; };
		F0AAC55C20AB84C600D62553 /* unit-view.glsl.frag */ = {isa = PBXFileReference; fileEncoding = 4; lastKnownFileType = sourcecode.glsl; name = "unit-view.glsl.frag"; path = "../../TAassets/TAassets/unit-view.glsl.frag"; sourceTree = "<group>"; };
		F0AAC55D20AB84C600D62553 /* unit-view.glsl.vert */ = {isa = PBXFileReference; fileEncoding = 4; lastKnownFileType = sourcecode.glsl; name = "unit-view.glsl.vert"; path = "../../TAassets/TAassets/unit-view.glsl.vert"; sourceTree = "<group>"; };
		F0AEB0E12098FB580087B36B /* QuickLookView.swift */ = {isa = PBXFileReference; fileEncoding = 4; lastKnownFileType = sourcecode.swift; name = QuickLookView.swift; path = ../../TAassets/TAassets/QuickLookView.swift; sourceTree = "<group>"; };
		F0D23B91207402CC00C0A245 /* Palette+Files.swift */ = {isa = PBXFileReference; fileEncoding = 4; lastKnownFileType = sourcecode.swift; path = "Palette+Files.swift"; sourceTree = "<group>"; };
		F0D23B942074036700C0A245 /* TdfParser.swift */ = {isa = PBXFileReference; fileEncoding = 4; lastKnownFileType = sourcecode.swift; path = TdfParser.swift; sourceTree = "<group>"; };
		F0D23B962074038600C0A245 /* SideData.swift */ = {isa = PBXFileReference; fileEncoding = 4; lastKnownFileType = sourcecode.swift; path = SideData.swift; sourceTree = "<group>"; };
		F0D23B98207403AD00C0A245 /* MapFeature.swift */ = {isa = PBXFileReference; fileEncoding = 4; lastKnownFileType = sourcecode.swift; path = MapFeature.swift; sourceTree = "<group>"; };
		F0D23B99207403AD00C0A245 /* MapInfo.swift */ = {isa = PBXFileReference; fileEncoding = 4; lastKnownFileType = sourcecode.swift; path = MapInfo.swift; sourceTree = "<group>"; };
		F0D9A49920588A800081DC15 /* MapModel.swift */ = {isa = PBXFileReference; fileEncoding = 4; lastKnownFileType = sourcecode.swift; path = MapModel.swift; sourceTree = "<group>"; };
		F0D9A49B2059F6D90081DC15 /* TntView.swift */ = {isa = PBXFileReference; fileEncoding = 4; lastKnownFileType = sourcecode.swift; path = TntView.swift; sourceTree = "<group>"; };
		F0D9A49F2059FA3D0081DC15 /* Palette.swift */ = {isa = PBXFileReference; fileEncoding = 4; lastKnownFileType = sourcecode.swift; path = Palette.swift; sourceTree = "<group>"; };
		F0D9A4A12059FBAD0081DC15 /* Utility+Cocoa.swift */ = {isa = PBXFileReference; fileEncoding = 4; lastKnownFileType = sourcecode.swift; path = "Utility+Cocoa.swift"; sourceTree = "<group>"; };
		F0D9A4A72059FF080081DC15 /* Utility+OpenGL.swift */ = {isa = PBXFileReference; fileEncoding = 4; lastKnownFileType = sourcecode.swift; path = "Utility+OpenGL.swift"; sourceTree = "<group>"; };
/* End PBXFileReference section */

/* Begin PBXFrameworksBuildPhase section */
		B50F6A471D87A54B0016C15B /* Frameworks */ = {
			isa = PBXFrameworksBuildPhase;
			buildActionMask = 2147483647;
			files = (
				B58ECAC11DC6BE90005F231F /* libz.tbd in Frameworks */,
			);
			runOnlyForDeploymentPostprocessing = 0;
		};
/* End PBXFrameworksBuildPhase section */

/* Begin PBXGroup section */
		B50F6A411D87A54B0016C15B = {
			isa = PBXGroup;
			children = (
				B5E26F101ED9EB80006C329B /* Common */,
				B50F6A4C1D87A54B0016C15B /* HPIView */,
				B50F6A4B1D87A54B0016C15B /* Products */,
				B58ECABF1DC6BE90005F231F /* Frameworks */,
			);
			sourceTree = "<group>";
		};
		B50F6A4B1D87A54B0016C15B /* Products */ = {
			isa = PBXGroup;
			children = (
				B50F6A4A1D87A54B0016C15B /* HPIView.app */,
			);
			name = Products;
			sourceTree = "<group>";
		};
		B50F6A4C1D87A54B0016C15B /* HPIView */ = {
			isa = PBXGroup;
			children = (
				B50F6A4D1D87A54B0016C15B /* AppDelegate.swift */,
				B50F6A4F1D87A54B0016C15B /* HpiDocument.swift */,
				B553EE371DE004AB0033C70D /* FinderView.swift */,
				B5E26F2F1ED9ECE9006C329B /* CobView.swift */,
				B5E26F311ED9EDD7006C329B /* GafView.swift */,
				B553EE351DDFE2270033C70D /* ModelView.swift */,
				F015C79920AE369600873642 /* ModelView+OpenglCore33Renderer.swift */,
				F015C79F20AE421000873642 /* ModelView+OpenglLegacyRenderer.swift */,
				B57C32B420702B4700B24C99 /* PaletteView.swift */,
				F0AEB0E12098FB580087B36B /* QuickLookView.swift */,
				F0D9A49B2059F6D90081DC15 /* TntView.swift */,
				B58ECABB1DC6B3B9005F231F /* BridgingHeader.h */,
				B5D4B6DA1E04E5F200ADBE65 /* HpiFinderRow.xib */,
				B50F6A541D87A54B0016C15B /* Assets.xcassets */,
				B50F6A561D87A54B0016C15B /* MainMenu.xib */,
				B50F6A591D87A54B0016C15B /* Info.plist */,
				B5B472121E13A02600FC79E2 /* PALETTE.PAL */,
				F015C79C20AE3D9500873642 /* unit-view-grid.glsl.frag */,
				F015C79B20AE3D9500873642 /* unit-view-grid.glsl.vert */,
				F0AAC55B20AB84C500D62553 /* unit-view-lighted.glsl.frag */,
				F0AAC55C20AB84C600D62553 /* unit-view.glsl.frag */,
				F0AAC55D20AB84C600D62553 /* unit-view.glsl.vert */,
			);
			path = HPIView;
			sourceTree = "<group>";
		};
		B58ECABF1DC6BE90005F231F /* Frameworks */ = {
			isa = PBXGroup;
			children = (
				B58ECAC01DC6BE90005F231F /* libz.tbd */,
			);
			name = Frameworks;
			sourceTree = "<group>";
		};
		B5E26F101ED9EB80006C329B /* Common */ = {
			isa = PBXGroup;
			children = (
				B51FF36F1EEC966E009B509A /* FileReadHandle.swift */,
				B51FF36D1EEC66F4009B509A /* Filesystem.swift */,
				B5E26F111ED9EB80006C329B /* gaf.swift */,
				B5E26F121ED9EB80006C329B /* Geometry.swift */,
				B5E26F131ED9EB80006C329B /* hpi.swift */,
				F0D23B98207403AD00C0A245 /* MapFeature.swift */,
				F0D23B99207403AD00C0A245 /* MapInfo.swift */,
				F0D9A49920588A800081DC15 /* MapModel.swift */,
				B5E26F141ED9EB80006C329B /* ModelTexturePack.swift */,
				F0D9A49F2059FA3D0081DC15 /* Palette.swift */,
				F0D23B91207402CC00C0A245 /* Palette+Files.swift */,
				B5E26F151ED9EB80006C329B /* pcx.h */,
				B5E26F161ED9EB80006C329B /* pcx.swift */,
				F0D23B962074038600C0A245 /* SideData.swift */,
				B5E26F171ED9EB80006C329B /* ta_3DO.h */,
				B5E26F181ED9EB80006C329B /* ta_COB.h */,
				B5E26F191ED9EB80006C329B /* ta_COB_Instructions.h */,
				B5E26F1A1ED9EB80006C329B /* ta_GAF.h */,
				B5E26F1B1ED9EB80006C329B /* ta_HPI.h */,
				B5E26F491EE3AF5F006C329B /* ta_TNT.h */,
				F0D23B942074036700C0A245 /* TdfParser.swift */,
				B5E26F1C1ED9EB80006C329B /* UnitData.swift */,
				B5E26F1D1ED9EB80006C329B /* UnitInfo.swift */,
				B5E26F1E1ED9EB80006C329B /* UnitModel.swift */,
				B5E26F411EE373A6006C329B /* UnitModel+Instance.swift */,
				B5E26F1F1ED9EB80006C329B /* UnitObject.swift */,
				B5E26F201ED9EB80006C329B /* UnitScript.swift */,
				B56086742055B519005AAEC6 /* UnitScript+CobDecompile.swift */,
				F0AAC55820AB842C00D62553 /* UnitTextureAtlas.swift */,
				B5E26F221ED9EB80006C329B /* Utility.swift */,
				F0D9A4A12059FBAD0081DC15 /* Utility+Cocoa.swift */,
				F0AAC55520AB83F700D62553 /* Utility+GLKit.swift */,
				F0D9A4A72059FF080081DC15 /* Utility+OpenGL.swift */,
			);
			name = Common;
			path = ../Common;
			sourceTree = "<group>";
		};
/* End PBXGroup section */

/* Begin PBXNativeTarget section */
		B50F6A491D87A54B0016C15B /* HPIView */ = {
			isa = PBXNativeTarget;
			buildConfigurationList = B50F6A5C1D87A54B0016C15B /* Build configuration list for PBXNativeTarget "HPIView" */;
			buildPhases = (
				B50F6A461D87A54B0016C15B /* Sources */,
				B50F6A471D87A54B0016C15B /* Frameworks */,
				B50F6A481D87A54B0016C15B /* Resources */,
			);
			buildRules = (
			);
			dependencies = (
			);
			name = HPIView;
			productName = HPIView;
			productReference = B50F6A4A1D87A54B0016C15B /* HPIView.app */;
			productType = "com.apple.product-type.application";
		};
/* End PBXNativeTarget section */

/* Begin PBXProject section */
		B50F6A421D87A54B0016C15B /* Project object */ = {
			isa = PBXProject;
			attributes = {
				LastSwiftUpdateCheck = 0800;
				LastUpgradeCheck = 0930;
				ORGANIZATIONNAME = "Logan Jones";
				TargetAttributes = {
					B50F6A491D87A54B0016C15B = {
						CreatedOnToolsVersion = 8.0;
						DevelopmentTeam = 544Z2URGY9;
						LastSwiftMigration = 0900;
						ProvisioningStyle = Automatic;
					};
				};
			};
			buildConfigurationList = B50F6A451D87A54B0016C15B /* Build configuration list for PBXProject "HPIView" */;
			compatibilityVersion = "Xcode 3.2";
			developmentRegion = English;
			hasScannedForEncodings = 0;
			knownRegions = (
				en,
				Base,
			);
			mainGroup = B50F6A411D87A54B0016C15B;
			productRefGroup = B50F6A4B1D87A54B0016C15B /* Products */;
			projectDirPath = "";
			projectRoot = "";
			targets = (
				B50F6A491D87A54B0016C15B /* HPIView */,
			);
		};
/* End PBXProject section */

/* Begin PBXResourcesBuildPhase section */
		B50F6A481D87A54B0016C15B /* Resources */ = {
			isa = PBXResourcesBuildPhase;
			buildActionMask = 2147483647;
			files = (
				B50F6A551D87A54B0016C15B /* Assets.xcassets in Resources */,
				F0AAC56020AB84C600D62553 /* unit-view.glsl.vert in Resources */,
				F0AAC55F20AB84C600D62553 /* unit-view.glsl.frag in Resources */,
				F015C79D20AE3D9600873642 /* unit-view-grid.glsl.vert in Resources */,
				B503B5E51E17559000CBB149 /* PALETTE.PAL in Resources */,
				F0AAC55E20AB84C600D62553 /* unit-view-lighted.glsl.frag in Resources */,
				F015C79E20AE3D9600873642 /* unit-view-grid.glsl.frag in Resources */,
				B5D4B6DB1E04E5F200ADBE65 /* HpiFinderRow.xib in Resources */,
				B50F6A581D87A54B0016C15B /* MainMenu.xib in Resources */,
			);
			runOnlyForDeploymentPostprocessing = 0;
		};
/* End PBXResourcesBuildPhase section */

/* Begin PBXSourcesBuildPhase section */
		B50F6A461D87A54B0016C15B /* Sources */ = {
			isa = PBXSourcesBuildPhase;
			buildActionMask = 2147483647;
			files = (
				F0D23B972074038600C0A245 /* SideData.swift in Sources */,
				B51FF3701EEC966E009B509A /* FileReadHandle.swift in Sources */,
				F015C7A020AE421000873642 /* ModelView+OpenglLegacyRenderer.swift in Sources */,
				B51FF36E1EEC6711009B509A /* Filesystem.swift in Sources */,
				F0D9A4A82059FF080081DC15 /* Utility+OpenGL.swift in Sources */,
				F0D9A4A02059FA3D0081DC15 /* Palette.swift in Sources */,
				B5E26F241ED9EB80006C329B /* Geometry.swift in Sources */,
				B5E26F321ED9EDD7006C329B /* GafView.swift in Sources */,
				F0D9A49C2059F6D90081DC15 /* TntView.swift in Sources */,
				B5E26F301ED9ECE9006C329B /* CobView.swift in Sources */,
				B5E26F251ED9EB80006C329B /* hpi.swift in Sources */,
				F0D23B9A207403AD00C0A245 /* MapFeature.swift in Sources */,
				B5E26F271ED9EB80006C329B /* pcx.swift in Sources */,
				F0AEB0E22098FB590087B36B /* QuickLookView.swift in Sources */,
				B5E26F421EE373A6006C329B /* UnitModel+Instance.swift in Sources */,
				B5E26F2A1ED9EB80006C329B /* UnitModel.swift in Sources */,
				F0AAC55620AB83F700D62553 /* Utility+GLKit.swift in Sources */,
				B57C32B520702B4700B24C99 /* PaletteView.swift in Sources */,
				F0D9A49A20588A810081DC15 /* MapModel.swift in Sources */,
				B5E26F231ED9EB80006C329B /* gaf.swift in Sources */,
				F015C79A20AE369600873642 /* ModelView+OpenglCore33Renderer.swift in Sources */,
				B50F6A501D87A54B0016C15B /* HpiDocument.swift in Sources */,
				B50F6A4E1D87A54B0016C15B /* AppDelegate.swift in Sources */,
				F0D23B952074036800C0A245 /* TdfParser.swift in Sources */,
				B553EE381DE004AB0033C70D /* FinderView.swift in Sources */,
				F0AAC55920AB842C00D62553 /* UnitTextureAtlas.swift in Sources */,
				B5E26F2E1ED9EB80006C329B /* Utility.swift in Sources */,
				F0D23B92207402CD00C0A245 /* Palette+Files.swift in Sources */,
				F0AAC55A20AB844700D62553 /* ModelTexturePack.swift in Sources */,
				F0D23B9B207403AD00C0A245 /* MapInfo.swift in Sources */,
				F0D23B932074034400C0A245 /* UnitInfo.swift in Sources */,
				B553EE361DDFE2270033C70D /* ModelView.swift in Sources */,
				F0D9A4A22059FBAD0081DC15 /* Utility+Cocoa.swift in Sources */,
				B53524E42055BB70007A2A2C /* UnitScript.swift in Sources */,
				B53524E32055BB5B007A2A2C /* UnitScript+CobDecompile.swift in Sources */,
			);
			runOnlyForDeploymentPostprocessing = 0;
		};
/* End PBXSourcesBuildPhase section */

/* Begin PBXVariantGroup section */
		B50F6A561D87A54B0016C15B /* MainMenu.xib */ = {
			isa = PBXVariantGroup;
			children = (
				B50F6A571D87A54B0016C15B /* Base */,
			);
			name = MainMenu.xib;
			sourceTree = "<group>";
		};
/* End PBXVariantGroup section */

/* Begin XCBuildConfiguration section */
		B50F6A5A1D87A54B0016C15B /* Debug */ = {
			isa = XCBuildConfiguration;
			buildSettings = {
				ALWAYS_SEARCH_USER_PATHS = NO;
				CLANG_ANALYZER_NONNULL = YES;
				CLANG_CXX_LANGUAGE_STANDARD = "gnu++0x";
				CLANG_CXX_LIBRARY = "libc++";
				CLANG_ENABLE_MODULES = YES;
				CLANG_ENABLE_OBJC_ARC = YES;
				CLANG_WARN_BLOCK_CAPTURE_AUTORELEASING = YES;
				CLANG_WARN_BOOL_CONVERSION = YES;
				CLANG_WARN_COMMA = YES;
				CLANG_WARN_CONSTANT_CONVERSION = YES;
				CLANG_WARN_DEPRECATED_OBJC_IMPLEMENTATIONS = YES;
				CLANG_WARN_DIRECT_OBJC_ISA_USAGE = YES_ERROR;
				CLANG_WARN_DOCUMENTATION_COMMENTS = YES;
				CLANG_WARN_EMPTY_BODY = YES;
				CLANG_WARN_ENUM_CONVERSION = YES;
				CLANG_WARN_INFINITE_RECURSION = YES;
				CLANG_WARN_INT_CONVERSION = YES;
				CLANG_WARN_NON_LITERAL_NULL_CONVERSION = YES;
				CLANG_WARN_OBJC_IMPLICIT_RETAIN_SELF = YES;
				CLANG_WARN_OBJC_LITERAL_CONVERSION = YES;
				CLANG_WARN_OBJC_ROOT_CLASS = YES_ERROR;
				CLANG_WARN_RANGE_LOOP_ANALYSIS = YES;
				CLANG_WARN_STRICT_PROTOTYPES = YES;
				CLANG_WARN_SUSPICIOUS_MOVE = YES;
				CLANG_WARN_SUSPICIOUS_MOVES = YES;
				CLANG_WARN_UNREACHABLE_CODE = YES;
				CLANG_WARN__DUPLICATE_METHOD_MATCH = YES;
				CODE_SIGN_IDENTITY = "-";
				COPY_PHASE_STRIP = NO;
				DEBUG_INFORMATION_FORMAT = dwarf;
				ENABLE_STRICT_OBJC_MSGSEND = YES;
				ENABLE_TESTABILITY = YES;
				GCC_C_LANGUAGE_STANDARD = gnu99;
				GCC_DYNAMIC_NO_PIC = NO;
				GCC_NO_COMMON_BLOCKS = YES;
				GCC_OPTIMIZATION_LEVEL = 0;
				GCC_PREPROCESSOR_DEFINITIONS = (
					"DEBUG=1",
					"$(inherited)",
				);
				GCC_WARN_64_TO_32_BIT_CONVERSION = YES;
				GCC_WARN_ABOUT_RETURN_TYPE = YES_ERROR;
				GCC_WARN_UNDECLARED_SELECTOR = YES;
				GCC_WARN_UNINITIALIZED_AUTOS = YES_AGGRESSIVE;
				GCC_WARN_UNUSED_FUNCTION = YES;
				GCC_WARN_UNUSED_VARIABLE = YES;
				MACOSX_DEPLOYMENT_TARGET = 10.12;
				MTL_ENABLE_DEBUG_INFO = YES;
				ONLY_ACTIVE_ARCH = YES;
				SDKROOT = macosx;
				SWIFT_ACTIVE_COMPILATION_CONDITIONS = DEBUG;
				SWIFT_OPTIMIZATION_LEVEL = "-Onone";
			};
			name = Debug;
		};
		B50F6A5B1D87A54B0016C15B /* Release */ = {
			isa = XCBuildConfiguration;
			buildSettings = {
				ALWAYS_SEARCH_USER_PATHS = NO;
				CLANG_ANALYZER_NONNULL = YES;
				CLANG_CXX_LANGUAGE_STANDARD = "gnu++0x";
				CLANG_CXX_LIBRARY = "libc++";
				CLANG_ENABLE_MODULES = YES;
				CLANG_ENABLE_OBJC_ARC = YES;
				CLANG_WARN_BLOCK_CAPTURE_AUTORELEASING = YES;
				CLANG_WARN_BOOL_CONVERSION = YES;
				CLANG_WARN_COMMA = YES;
				CLANG_WARN_CONSTANT_CONVERSION = YES;
				CLANG_WARN_DEPRECATED_OBJC_IMPLEMENTATIONS = YES;
				CLANG_WARN_DIRECT_OBJC_ISA_USAGE = YES_ERROR;
				CLANG_WARN_DOCUMENTATION_COMMENTS = YES;
				CLANG_WARN_EMPTY_BODY = YES;
				CLANG_WARN_ENUM_CONVERSION = YES;
				CLANG_WARN_INFINITE_RECURSION = YES;
				CLANG_WARN_INT_CONVERSION = YES;
				CLANG_WARN_NON_LITERAL_NULL_CONVERSION = YES;
				CLANG_WARN_OBJC_IMPLICIT_RETAIN_SELF = YES;
				CLANG_WARN_OBJC_LITERAL_CONVERSION = YES;
				CLANG_WARN_OBJC_ROOT_CLASS = YES_ERROR;
				CLANG_WARN_RANGE_LOOP_ANALYSIS = YES;
				CLANG_WARN_STRICT_PROTOTYPES = YES;
				CLANG_WARN_SUSPICIOUS_MOVE = YES;
				CLANG_WARN_SUSPICIOUS_MOVES = YES;
				CLANG_WARN_UNREACHABLE_CODE = YES;
				CLANG_WARN__DUPLICATE_METHOD_MATCH = YES;
				CODE_SIGN_IDENTITY = "-";
				COPY_PHASE_STRIP = NO;
				DEBUG_INFORMATION_FORMAT = "dwarf-with-dsym";
				ENABLE_NS_ASSERTIONS = NO;
				ENABLE_STRICT_OBJC_MSGSEND = YES;
				GCC_C_LANGUAGE_STANDARD = gnu99;
				GCC_NO_COMMON_BLOCKS = YES;
				GCC_WARN_64_TO_32_BIT_CONVERSION = YES;
				GCC_WARN_ABOUT_RETURN_TYPE = YES_ERROR;
				GCC_WARN_UNDECLARED_SELECTOR = YES;
				GCC_WARN_UNINITIALIZED_AUTOS = YES_AGGRESSIVE;
				GCC_WARN_UNUSED_FUNCTION = YES;
				GCC_WARN_UNUSED_VARIABLE = YES;
				MACOSX_DEPLOYMENT_TARGET = 10.12;
				MTL_ENABLE_DEBUG_INFO = NO;
				SDKROOT = macosx;
				SWIFT_OPTIMIZATION_LEVEL = "-Owholemodule";
			};
			name = Release;
		};
		B50F6A5D1D87A54B0016C15B /* Debug */ = {
			isa = XCBuildConfiguration;
			buildSettings = {
				ASSETCATALOG_COMPILER_APPICON_NAME = AppIcon;
				COMBINE_HIDPI_IMAGES = YES;
				DEVELOPMENT_TEAM = 544Z2URGY9;
				INFOPLIST_FILE = HPIView/Info.plist;
				LD_RUNPATH_SEARCH_PATHS = "$(inherited) @executable_path/../Frameworks";
				PRODUCT_BUNDLE_IDENTIFIER = Toasty.HPIView;
				PRODUCT_NAME = "$(TARGET_NAME)";
				SWIFT_OBJC_BRIDGING_HEADER = HPIView/BridgingHeader.h;
				SWIFT_VERSION = 4.0;
			};
			name = Debug;
		};
		B50F6A5E1D87A54B0016C15B /* Release */ = {
			isa = XCBuildConfiguration;
			buildSettings = {
				ASSETCATALOG_COMPILER_APPICON_NAME = AppIcon;
				COMBINE_HIDPI_IMAGES = YES;
				DEVELOPMENT_TEAM = 544Z2URGY9;
				INFOPLIST_FILE = HPIView/Info.plist;
				LD_RUNPATH_SEARCH_PATHS = "$(inherited) @executable_path/../Frameworks";
				PRODUCT_BUNDLE_IDENTIFIER = Toasty.HPIView;
				PRODUCT_NAME = "$(TARGET_NAME)";
				SWIFT_OBJC_BRIDGING_HEADER = HPIView/BridgingHeader.h;
				SWIFT_VERSION = 4.0;
			};
			name = Release;
		};
/* End XCBuildConfiguration section */

/* Begin XCConfigurationList section */
		B50F6A451D87A54B0016C15B /* Build configuration list for PBXProject "HPIView" */ = {
			isa = XCConfigurationList;
			buildConfigurations = (
				B50F6A5A1D87A54B0016C15B /* Debug */,
				B50F6A5B1D87A54B0016C15B /* Release */,
			);
			defaultConfigurationIsVisible = 0;
			defaultConfigurationName = Release;
		};
		B50F6A5C1D87A54B0016C15B /* Build configuration list for PBXNativeTarget "HPIView" */ = {
			isa = XCConfigurationList;
			buildConfigurations = (
				B50F6A5D1D87A54B0016C15B /* Debug */,
				B50F6A5E1D87A54B0016C15B /* Release */,
			);
			defaultConfigurationIsVisible = 0;
			defaultConfigurationName = Release;
		};
/* End XCConfigurationList section */
	};
	rootObject = B50F6A421D87A54B0016C15B /* Project object */;
}
